// !$*UTF8*$!
{
	archiveVersion = 1;
	classes = {
	};
	objectVersion = 77;
	objects = {

/* Begin PBXBuildFile section */
		053FC805D48C1A035DA6C789 /* HotkeyServiceLive.swift in Sources */ = {isa = PBXBuildFile; fileRef = F3C8FD6338B566BC92448293 /* HotkeyServiceLive.swift */; };
		0625471C404A22DE5A3040A3 /* DesignSystem.swift in Sources */ = {isa = PBXBuildFile; fileRef = 92947106E01306287DDA490B /* DesignSystem.swift */; };
		0779F6BEB11DF02D3334B344 /* AudioCaptureLive.swift in Sources */ = {isa = PBXBuildFile; fileRef = 7C1B5B143C23ACACE0B19BC6 /* AudioCaptureLive.swift */; };
		0964F026A977BF3A0908601E /* WhisperKit in Frameworks */ = {isa = PBXBuildFile; productRef = 8D6A99642A3EA77F647F3C1E /* WhisperKit */; };
		325F4003CED9799250EB2986 /* Hotkey.swift in Sources */ = {isa = PBXBuildFile; fileRef = FF97A9FF6E8F2B8D5CF07039 /* Hotkey.swift */; };
		48E8B9B735C1CC22695F3F2F /* PermissionService.swift in Sources */ = {isa = PBXBuildFile; fileRef = 86440E3E743253F4C26F8451 /* PermissionService.swift */; };
		50C6384D0A9534712D2DF346 /* PermissionServiceTests.swift in Sources */ = {isa = PBXBuildFile; fileRef = B38D1EC0BE929E9255E6D405 /* PermissionServiceTests.swift */; };
		58A935E47E4EADFB2381E629 /* PermissionStatus.swift in Sources */ = {isa = PBXBuildFile; fileRef = 62EFB96895497806042A4427 /* PermissionStatus.swift */; };
		758D7A361EA11C3E32E36E8A /* AudioCapturing.swift in Sources */ = {isa = PBXBuildFile; fileRef = D935115B6E9C71348D73E53F /* AudioCapturing.swift */; };
		7906156A7FDCB39A8CD1EEF2 /* HotkeyService.swift in Sources */ = {isa = PBXBuildFile; fileRef = 48A38EEE3C74B26A58569FDF /* HotkeyService.swift */; };
		7CFB0DDDA053BAAF6A2A90F6 /* Transcribing.swift in Sources */ = {isa = PBXBuildFile; fileRef = 82624846B13D44387F031C84 /* Transcribing.swift */; };
		8361DB813F9EC5BBB72B5B8D /* InitialPromptBuilder.swift in Sources */ = {isa = PBXBuildFile; fileRef = 9C606257E45AEAEF6FBA17FF /* InitialPromptBuilder.swift */; };
		8DB6F64CD8DA02B106FCAB21 /* TagarelaApp.swift in Sources */ = {isa = PBXBuildFile; fileRef = 6AA232DBB32229FCAA0AC660 /* TagarelaApp.swift */; };
		924C7046FF921B54AFD98EC4 /* HotkeyTests.swift in Sources */ = {isa = PBXBuildFile; fileRef = 546B9E9134BAAF0569059D02 /* HotkeyTests.swift */; };
		9A2E1526631AFFE17EE3BDE4 /* Fonts in Resources */ = {isa = PBXBuildFile; fileRef = F12ABBA517752A7E8B23895F /* Fonts */; };
		9C7A7C970C0AB62B1B07040E /* InitialPromptBuilderTests.swift in Sources */ = {isa = PBXBuildFile; fileRef = F19CDE90411D6A59F7C2922E /* InitialPromptBuilderTests.swift */; };
		A723F99CF516D9C1904D9B08 /* AppState.swift in Sources */ = {isa = PBXBuildFile; fileRef = E67AC40A1677F04D206698D8 /* AppState.swift */; };
		B6AC8D77746DD364C1D83E4A /* Wordmark.swift in Sources */ = {isa = PBXBuildFile; fileRef = CDA671BF3E800969A73A8EF5 /* Wordmark.swift */; };
		B921AB0B66E9A5FBEC9EBFD1 /* AppContainer.swift in Sources */ = {isa = PBXBuildFile; fileRef = A1A68A34868B4B17F0CD95D4 /* AppContainer.swift */; };
		C92FA6C50DD3D346C24C940A /* PermissionServiceLive.swift in Sources */ = {isa = PBXBuildFile; fileRef = 827CCE37EBEA134265121AF8 /* PermissionServiceLive.swift */; };
		D44AC44AFA2D08CC9A8111F5 /* Assets.xcassets in Resources */ = {isa = PBXBuildFile; fileRef = 0B2194D608A5F68AEE4F7C69 /* Assets.xcassets */; };
		F8FBCE0B00B117991617F4EB /* Glyph.swift in Sources */ = {isa = PBXBuildFile; fileRef = 64EB8767875513C5CBD96EB7 /* Glyph.swift */; };
/* End PBXBuildFile section */

/* Begin PBXContainerItemProxy section */
		ED17C0C9293BCA0629C33DA6 /* PBXContainerItemProxy */ = {
			isa = PBXContainerItemProxy;
			containerPortal = 121CAA2F3752A009A7BEB1F6 /* Project object */;
			proxyType = 1;
			remoteGlobalIDString = 715677D834111BC04FF17146;
			remoteInfo = Tagarela;
		};
/* End PBXContainerItemProxy section */

/* Begin PBXFileReference section */
		0B2194D608A5F68AEE4F7C69 /* Assets.xcassets */ = {isa = PBXFileReference; lastKnownFileType = folder.assetcatalog; path = Assets.xcassets; sourceTree = "<group>"; };
		48A38EEE3C74B26A58569FDF /* HotkeyService.swift */ = {isa = PBXFileReference; lastKnownFileType = sourcecode.swift; path = HotkeyService.swift; sourceTree = "<group>"; };
		546B9E9134BAAF0569059D02 /* HotkeyTests.swift */ = {isa = PBXFileReference; lastKnownFileType = sourcecode.swift; path = HotkeyTests.swift; sourceTree = "<group>"; };
		62EFB96895497806042A4427 /* PermissionStatus.swift */ = {isa = PBXFileReference; lastKnownFileType = sourcecode.swift; path = PermissionStatus.swift; sourceTree = "<group>"; };
		64EB8767875513C5CBD96EB7 /* Glyph.swift */ = {isa = PBXFileReference; lastKnownFileType = sourcecode.swift; path = Glyph.swift; sourceTree = "<group>"; };
		6AA232DBB32229FCAA0AC660 /* TagarelaApp.swift */ = {isa = PBXFileReference; lastKnownFileType = sourcecode.swift; path = TagarelaApp.swift; sourceTree = "<group>"; };
		727AD7A472BE6C196EAA6002 /* TagarelaTests.xctest */ = {isa = PBXFileReference; explicitFileType = wrapper.cfbundle; includeInIndex = 0; path = TagarelaTests.xctest; sourceTree = BUILT_PRODUCTS_DIR; };
		7C1B5B143C23ACACE0B19BC6 /* AudioCaptureLive.swift */ = {isa = PBXFileReference; lastKnownFileType = sourcecode.swift; path = AudioCaptureLive.swift; sourceTree = "<group>"; };
		82624846B13D44387F031C84 /* Transcribing.swift */ = {isa = PBXFileReference; lastKnownFileType = sourcecode.swift; path = Transcribing.swift; sourceTree = "<group>"; };
		827CCE37EBEA134265121AF8 /* PermissionServiceLive.swift */ = {isa = PBXFileReference; lastKnownFileType = sourcecode.swift; path = PermissionServiceLive.swift; sourceTree = "<group>"; };
		86440E3E743253F4C26F8451 /* PermissionService.swift */ = {isa = PBXFileReference; lastKnownFileType = sourcecode.swift; path = PermissionService.swift; sourceTree = "<group>"; };
		885C3426FB83B9F0218878A7 /* Tagarela.app */ = {isa = PBXFileReference; explicitFileType = wrapper.application; includeInIndex = 0; path = Tagarela.app; sourceTree = BUILT_PRODUCTS_DIR; };
		92947106E01306287DDA490B /* DesignSystem.swift */ = {isa = PBXFileReference; lastKnownFileType = sourcecode.swift; path = DesignSystem.swift; sourceTree = "<group>"; };
		9C606257E45AEAEF6FBA17FF /* InitialPromptBuilder.swift */ = {isa = PBXFileReference; lastKnownFileType = sourcecode.swift; path = InitialPromptBuilder.swift; sourceTree = "<group>"; };
		A1A68A34868B4B17F0CD95D4 /* AppContainer.swift */ = {isa = PBXFileReference; lastKnownFileType = sourcecode.swift; path = AppContainer.swift; sourceTree = "<group>"; };
		B38D1EC0BE929E9255E6D405 /* PermissionServiceTests.swift */ = {isa = PBXFileReference; lastKnownFileType = sourcecode.swift; path = PermissionServiceTests.swift; sourceTree = "<group>"; };
		CDA671BF3E800969A73A8EF5 /* Wordmark.swift */ = {isa = PBXFileReference; lastKnownFileType = sourcecode.swift; path = Wordmark.swift; sourceTree = "<group>"; };
		D935115B6E9C71348D73E53F /* AudioCapturing.swift */ = {isa = PBXFileReference; lastKnownFileType = sourcecode.swift; path = AudioCapturing.swift; sourceTree = "<group>"; };
		E67AC40A1677F04D206698D8 /* AppState.swift */ = {isa = PBXFileReference; lastKnownFileType = sourcecode.swift; path = AppState.swift; sourceTree = "<group>"; };
		F12ABBA517752A7E8B23895F /* Fonts */ = {isa = PBXFileReference; lastKnownFileType = folder; name = Fonts; path = Tagarela/Resources/Fonts; sourceTree = SOURCE_ROOT; };
		F19CDE90411D6A59F7C2922E /* InitialPromptBuilderTests.swift */ = {isa = PBXFileReference; lastKnownFileType = sourcecode.swift; path = InitialPromptBuilderTests.swift; sourceTree = "<group>"; };
		F3C8FD6338B566BC92448293 /* HotkeyServiceLive.swift */ = {isa = PBXFileReference; lastKnownFileType = sourcecode.swift; path = HotkeyServiceLive.swift; sourceTree = "<group>"; };
		FF97A9FF6E8F2B8D5CF07039 /* Hotkey.swift */ = {isa = PBXFileReference; lastKnownFileType = sourcecode.swift; path = Hotkey.swift; sourceTree = "<group>"; };
/* End PBXFileReference section */

/* Begin PBXFrameworksBuildPhase section */
		46BEB3788E30904B0DBB3C2F /* Frameworks */ = {
			isa = PBXFrameworksBuildPhase;
			buildActionMask = 2147483647;
			files = (
				0964F026A977BF3A0908601E /* WhisperKit in Frameworks */,
			);
			runOnlyForDeploymentPostprocessing = 0;
		};
/* End PBXFrameworksBuildPhase section */

/* Begin PBXGroup section */
		090FB7B260CCDD4877771BF4 /* Audio */ = {
			isa = PBXGroup;
			children = (
				7C1B5B143C23ACACE0B19BC6 /* AudioCaptureLive.swift */,
				D935115B6E9C71348D73E53F /* AudioCapturing.swift */,
			);
			path = Audio;
			sourceTree = "<group>";
		};
		1FE15FB7BCC5FEC92587317D /* Onboarding */ = {
			isa = PBXGroup;
			children = (
			);
			path = Onboarding;
			sourceTree = "<group>";
		};
		30C55688B7DE3A7E034C4BC5 /* Pipeline */ = {
			isa = PBXGroup;
			children = (
			);
			path = Pipeline;
			sourceTree = "<group>";
		};
		31E22EF9247B7A4DB7C7A45E /* Permissions */ = {
			isa = PBXGroup;
			children = (
				86440E3E743253F4C26F8451 /* PermissionService.swift */,
				827CCE37EBEA134265121AF8 /* PermissionServiceLive.swift */,
				62EFB96895497806042A4427 /* PermissionStatus.swift */,
			);
			path = Permissions;
			sourceTree = "<group>";
		};
		354D97B585EB0B7653529704 /* Transcription */ = {
			isa = PBXGroup;
			children = (
				9C606257E45AEAEF6FBA17FF /* InitialPromptBuilder.swift */,
				82624846B13D44387F031C84 /* Transcribing.swift */,
			);
			path = Transcription;
			sourceTree = "<group>";
		};
		3648103099697E1F0F557931 /* Tagarela */ = {
			isa = PBXGroup;
			children = (
				5B3C1B19F65831AB444357F0 /* App */,
				090FB7B260CCDD4877771BF4 /* Audio */,
				AC88C4F80E1C6AB5EF50A76D /* Design */,
				5EA866A18A5D59259B0C9DC4 /* Hotkey */,
				C2105236DFB1B2988688B3F4 /* Injection */,
				EC02A19E2C196B33EA8A224B /* Localization */,
				31E22EF9247B7A4DB7C7A45E /* Permissions */,
				30C55688B7DE3A7E034C4BC5 /* Pipeline */,
				C4E4C198F3C8CE21386EDC8D /* Refiner */,
				7D9C65CCF71A21580CA854AC /* Resources */,
				354D97B585EB0B7653529704 /* Transcription */,
				F5F338E02072629502C9D805 /* UI */,
			);
			path = Tagarela;
			sourceTree = "<group>";
		};
		42E6ED781F6A168E03C6BEEF /* Products */ = {
			isa = PBXGroup;
			children = (
				885C3426FB83B9F0218878A7 /* Tagarela.app */,
				727AD7A472BE6C196EAA6002 /* TagarelaTests.xctest */,
			);
			name = Products;
			sourceTree = "<group>";
		};
		439BA567F6723A14212A2217 /* TagarelaTests */ = {
			isa = PBXGroup;
			children = (
				546B9E9134BAAF0569059D02 /* HotkeyTests.swift */,
				F19CDE90411D6A59F7C2922E /* InitialPromptBuilderTests.swift */,
				B38D1EC0BE929E9255E6D405 /* PermissionServiceTests.swift */,
			);
			path = TagarelaTests;
			sourceTree = "<group>";
		};
		512B008C32E02EC63AA3F750 /* Indicator */ = {
			isa = PBXGroup;
			children = (
			);
			path = Indicator;
			sourceTree = "<group>";
		};
		5B3C1B19F65831AB444357F0 /* App */ = {
			isa = PBXGroup;
			children = (
				A1A68A34868B4B17F0CD95D4 /* AppContainer.swift */,
				E67AC40A1677F04D206698D8 /* AppState.swift */,
				6AA232DBB32229FCAA0AC660 /* TagarelaApp.swift */,
			);
			path = App;
			sourceTree = "<group>";
		};
		5EA866A18A5D59259B0C9DC4 /* Hotkey */ = {
			isa = PBXGroup;
			children = (
				FF97A9FF6E8F2B8D5CF07039 /* Hotkey.swift */,
				48A38EEE3C74B26A58569FDF /* HotkeyService.swift */,
				F3C8FD6338B566BC92448293 /* HotkeyServiceLive.swift */,
			);
			path = Hotkey;
			sourceTree = "<group>";
		};
		74B774DA6C4E46BF70A58CD2 = {
			isa = PBXGroup;
			children = (
				3648103099697E1F0F557931 /* Tagarela */,
				439BA567F6723A14212A2217 /* TagarelaTests */,
				42E6ED781F6A168E03C6BEEF /* Products */,
			);
			sourceTree = "<group>";
		};
		7D9C65CCF71A21580CA854AC /* Resources */ = {
			isa = PBXGroup;
			children = (
				0B2194D608A5F68AEE4F7C69 /* Assets.xcassets */,
				F12ABBA517752A7E8B23895F /* Fonts */,
			);
			path = Resources;
			sourceTree = "<group>";
		};
		9F7079F25CFE3ADBA0D4B73A /* MenuBar */ = {
			isa = PBXGroup;
			children = (
			);
			path = MenuBar;
			sourceTree = "<group>";
		};
		AC88C4F80E1C6AB5EF50A76D /* Design */ = {
			isa = PBXGroup;
			children = (
				92947106E01306287DDA490B /* DesignSystem.swift */,
				64EB8767875513C5CBD96EB7 /* Glyph.swift */,
				CDA671BF3E800969A73A8EF5 /* Wordmark.swift */,
			);
			path = Design;
			sourceTree = "<group>";
		};
		C2105236DFB1B2988688B3F4 /* Injection */ = {
			isa = PBXGroup;
			children = (
			);
			path = Injection;
			sourceTree = "<group>";
		};
		C4E4C198F3C8CE21386EDC8D /* Refiner */ = {
			isa = PBXGroup;
			children = (
			);
			path = Refiner;
			sourceTree = "<group>";
		};
		EC02A19E2C196B33EA8A224B /* Localization */ = {
			isa = PBXGroup;
			children = (
			);
			path = Localization;
			sourceTree = "<group>";
		};
		F5F338E02072629502C9D805 /* UI */ = {
			isa = PBXGroup;
			children = (
				512B008C32E02EC63AA3F750 /* Indicator */,
				9F7079F25CFE3ADBA0D4B73A /* MenuBar */,
				1FE15FB7BCC5FEC92587317D /* Onboarding */,
			);
			path = UI;
			sourceTree = "<group>";
		};
/* End PBXGroup section */

/* Begin PBXNativeTarget section */
		4811A863A532FBCD0DA04120 /* TagarelaTests */ = {
			isa = PBXNativeTarget;
			buildConfigurationList = DA4BB78DF1A6BA2DA40A27ED /* Build configuration list for PBXNativeTarget "TagarelaTests" */;
			buildPhases = (
				BC78BC25B4CBC08CD0D17756 /* Sources */,
			);
			buildRules = (
			);
			dependencies = (
				4131E8E88624023EAAA73EE7 /* PBXTargetDependency */,
			);
			name = TagarelaTests;
			packageProductDependencies = (
			);
			productName = TagarelaTests;
			productReference = 727AD7A472BE6C196EAA6002 /* TagarelaTests.xctest */;
			productType = "com.apple.product-type.bundle.unit-test";
		};
		715677D834111BC04FF17146 /* Tagarela */ = {
			isa = PBXNativeTarget;
			buildConfigurationList = 7E799A4303B8B51AC2BF7CF2 /* Build configuration list for PBXNativeTarget "Tagarela" */;
			buildPhases = (
				76EAAA64F7260B6E48E6B46F /* Sources */,
				F551D526B7AB8965C69D84ED /* Resources */,
				46BEB3788E30904B0DBB3C2F /* Frameworks */,
			);
			buildRules = (
			);
			dependencies = (
			);
			name = Tagarela;
			packageProductDependencies = (
				8D6A99642A3EA77F647F3C1E /* WhisperKit */,
			);
			productName = Tagarela;
			productReference = 885C3426FB83B9F0218878A7 /* Tagarela.app */;
			productType = "com.apple.product-type.application";
		};
/* End PBXNativeTarget section */

/* Begin PBXProject section */
		121CAA2F3752A009A7BEB1F6 /* Project object */ = {
			isa = PBXProject;
			attributes = {
				BuildIndependentTargetsInParallel = YES;
				LastUpgradeCheck = 1540;
				TargetAttributes = {
					715677D834111BC04FF17146 = {
						ProvisioningStyle = Automatic;
					};
				};
			};
			buildConfigurationList = 3EA350756AC41A0A392CF2BC /* Build configuration list for PBXProject "Tagarela" */;
			developmentRegion = "pt-BR";
			hasScannedForEncodings = 0;
			knownRegions = (
				Base,
				"pt-BR",
			);
			mainGroup = 74B774DA6C4E46BF70A58CD2;
			minimizedProjectReferenceProxies = 1;
			packageReferences = (
				9C120ED6D13C558C16BCAE12 /* XCRemoteSwiftPackageReference "WhisperKit" */,
			);
			preferredProjectObjectVersion = 77;
			productRefGroup = 42E6ED781F6A168E03C6BEEF /* Products */;
			projectDirPath = "";
			projectRoot = "";
			targets = (
				715677D834111BC04FF17146 /* Tagarela */,
				4811A863A532FBCD0DA04120 /* TagarelaTests */,
			);
		};
/* End PBXProject section */

/* Begin PBXResourcesBuildPhase section */
		F551D526B7AB8965C69D84ED /* Resources */ = {
			isa = PBXResourcesBuildPhase;
			buildActionMask = 2147483647;
			files = (
				D44AC44AFA2D08CC9A8111F5 /* Assets.xcassets in Resources */,
				9A2E1526631AFFE17EE3BDE4 /* Fonts in Resources */,
			);
			runOnlyForDeploymentPostprocessing = 0;
		};
/* End PBXResourcesBuildPhase section */

/* Begin PBXSourcesBuildPhase section */
		76EAAA64F7260B6E48E6B46F /* Sources */ = {
			isa = PBXSourcesBuildPhase;
			buildActionMask = 2147483647;
			files = (
				B921AB0B66E9A5FBEC9EBFD1 /* AppContainer.swift in Sources */,
				A723F99CF516D9C1904D9B08 /* AppState.swift in Sources */,
				0779F6BEB11DF02D3334B344 /* AudioCaptureLive.swift in Sources */,
				758D7A361EA11C3E32E36E8A /* AudioCapturing.swift in Sources */,
				0625471C404A22DE5A3040A3 /* DesignSystem.swift in Sources */,
				F8FBCE0B00B117991617F4EB /* Glyph.swift in Sources */,
				325F4003CED9799250EB2986 /* Hotkey.swift in Sources */,
				7906156A7FDCB39A8CD1EEF2 /* HotkeyService.swift in Sources */,
				053FC805D48C1A035DA6C789 /* HotkeyServiceLive.swift in Sources */,
				8361DB813F9EC5BBB72B5B8D /* InitialPromptBuilder.swift in Sources */,
				48E8B9B735C1CC22695F3F2F /* PermissionService.swift in Sources */,
				C92FA6C50DD3D346C24C940A /* PermissionServiceLive.swift in Sources */,
				58A935E47E4EADFB2381E629 /* PermissionStatus.swift in Sources */,
				8DB6F64CD8DA02B106FCAB21 /* TagarelaApp.swift in Sources */,
				7CFB0DDDA053BAAF6A2A90F6 /* Transcribing.swift in Sources */,
				B6AC8D77746DD364C1D83E4A /* Wordmark.swift in Sources */,
			);
			runOnlyForDeploymentPostprocessing = 0;
		};
		BC78BC25B4CBC08CD0D17756 /* Sources */ = {
			isa = PBXSourcesBuildPhase;
			buildActionMask = 2147483647;
			files = (
				924C7046FF921B54AFD98EC4 /* HotkeyTests.swift in Sources */,
				9C7A7C970C0AB62B1B07040E /* InitialPromptBuilderTests.swift in Sources */,
				50C6384D0A9534712D2DF346 /* PermissionServiceTests.swift in Sources */,
			);
			runOnlyForDeploymentPostprocessing = 0;
		};
/* End PBXSourcesBuildPhase section */

/* Begin PBXTargetDependency section */
		4131E8E88624023EAAA73EE7 /* PBXTargetDependency */ = {
			isa = PBXTargetDependency;
			target = 715677D834111BC04FF17146 /* Tagarela */;
			targetProxy = ED17C0C9293BCA0629C33DA6 /* PBXContainerItemProxy */;
		};
/* End PBXTargetDependency section */

/* Begin XCBuildConfiguration section */
		119899E53EABE37EE3B92225 /* Release */ = {
			isa = XCBuildConfiguration;
			buildSettings = {
				BUNDLE_LOADER = "$(TEST_HOST)";
				COMBINE_HIDPI_IMAGES = YES;
				INFOPLIST_FILE = TagarelaTests/Info.plist;
				LD_RUNPATH_SEARCH_PATHS = (
					"$(inherited)",
					"@executable_path/../Frameworks",
					"@loader_path/../Frameworks",
				);
				PRODUCT_BUNDLE_IDENTIFIER = com.tagarela.TagarelaTests;
				SDKROOT = macosx;
				TEST_HOST = "$(BUILT_PRODUCTS_DIR)/Tagarela.app/Contents/MacOS/Tagarela";
			};
			name = Release;
		};
		1E584B7406F5252E5A777F1C /* Release */ = {
			isa = XCBuildConfiguration;
			buildSettings = {
				ALWAYS_SEARCH_USER_PATHS = NO;
				CLANG_ANALYZER_NONNULL = YES;
				CLANG_ANALYZER_NUMBER_OBJECT_CONVERSION = YES_AGGRESSIVE;
				CLANG_CXX_LANGUAGE_STANDARD = "gnu++20";
				CLANG_CXX_LIBRARY = "libc++";
				CLANG_ENABLE_MODULES = YES;
				CLANG_ENABLE_OBJC_ARC = YES;
				CLANG_ENABLE_OBJC_WEAK = YES;
				CLANG_WARN_BLOCK_CAPTURE_AUTORELEASING = YES;
				CLANG_WARN_BOOL_CONVERSION = YES;
				CLANG_WARN_COMMA = YES;
				CLANG_WARN_CONSTANT_CONVERSION = YES;
				CLANG_WARN_DEPRECATED_OBJC_IMPLEMENTATIONS = YES;
				CLANG_WARN_DIRECT_OBJC_ISA_USAGE = YES_ERROR;
				CLANG_WARN_DOCUMENTATION_COMMENTS = YES;
				CLANG_WARN_EMPTY_BODY = YES;
				CLANG_WARN_ENUM_CONVERSION = YES;
				CLANG_WARN_INFINITE_RECURSION = YES;
				CLANG_WARN_INT_CONVERSION = YES;
				CLANG_WARN_NON_LITERAL_NULL_CONVERSION = YES;
				CLANG_WARN_OBJC_IMPLICIT_RETAIN_SELF = YES;
				CLANG_WARN_OBJC_LITERAL_CONVERSION = YES;
				CLANG_WARN_OBJC_ROOT_CLASS = YES_ERROR;
				CLANG_WARN_QUOTED_INCLUDE_IN_FRAMEWORK_HEADER = YES;
				CLANG_WARN_RANGE_LOOP_ANALYSIS = YES;
				CLANG_WARN_STRICT_PROTOTYPES = YES;
				CLANG_WARN_SUSPICIOUS_MOVE = YES;
				CLANG_WARN_UNGUARDED_AVAILABILITY = YES_AGGRESSIVE;
				CLANG_WARN_UNREACHABLE_CODE = YES;
				CLANG_WARN__DUPLICATE_METHOD_MATCH = YES;
				COPY_PHASE_STRIP = NO;
				CURRENT_PROJECT_VERSION = 1;
				DEAD_CODE_STRIPPING = YES;
				DEBUG_INFORMATION_FORMAT = "dwarf-with-dsym";
				ENABLE_HARDENED_RUNTIME = YES;
				ENABLE_NS_ASSERTIONS = NO;
				ENABLE_STRICT_OBJC_MSGSEND = YES;
				ENABLE_USER_SCRIPT_SANDBOXING = YES;
				GCC_C_LANGUAGE_STANDARD = gnu17;
				GCC_NO_COMMON_BLOCKS = YES;
				GCC_WARN_64_TO_32_BIT_CONVERSION = YES;
				GCC_WARN_ABOUT_RETURN_TYPE = YES_ERROR;
				GCC_WARN_UNDECLARED_SELECTOR = YES;
				GCC_WARN_UNINITIALIZED_AUTOS = YES_AGGRESSIVE;
				GCC_WARN_UNUSED_FUNCTION = YES;
				GCC_WARN_UNUSED_VARIABLE = YES;
				MACOSX_DEPLOYMENT_TARGET = 14.0;
				MARKETING_VERSION = 1.0.0;
				MTL_ENABLE_DEBUG_INFO = NO;
				MTL_FAST_MATH = YES;
				PRODUCT_NAME = "$(TARGET_NAME)";
				SDKROOT = macosx;
				SWIFT_COMPILATION_MODE = wholemodule;
				SWIFT_OPTIMIZATION_LEVEL = "-O";
				SWIFT_STRICT_CONCURRENCY = complete;
				SWIFT_VERSION = 5.10;
			};
			name = Release;
		};
		55C9DEB719C66765CC3779A2 /* Release */ = {
			isa = XCBuildConfiguration;
			buildSettings = {
				ASSETCATALOG_COMPILER_APPICON_NAME = AppIcon;
				CODE_SIGN_ENTITLEMENTS = Tagarela/Resources/Tagarela.entitlements;
				CODE_SIGN_STYLE = Automatic;
				COMBINE_HIDPI_IMAGES = YES;
				ENABLE_PREVIEWS = YES;
				INFOPLIST_FILE = Tagarela/Resources/Info.plist;
				LD_RUNPATH_SEARCH_PATHS = "$(inherited) @executable_path/../Frameworks";
				PRODUCT_BUNDLE_IDENTIFIER = com.tagarela.Tagarela;
				SDKROOT = macosx;
			};
			name = Release;
		};
		5B99150D5C402C578DC22430 /* Debug */ = {
			isa = XCBuildConfiguration;
			buildSettings = {
				ALWAYS_SEARCH_USER_PATHS = NO;
				CLANG_ANALYZER_NONNULL = YES;
				CLANG_ANALYZER_NUMBER_OBJECT_CONVERSION = YES_AGGRESSIVE;
				CLANG_CXX_LANGUAGE_STANDARD = "gnu++20";
				CLANG_CXX_LIBRARY = "libc++";
				CLANG_ENABLE_MODULES = YES;
				CLANG_ENABLE_OBJC_ARC = YES;
				CLANG_ENABLE_OBJC_WEAK = YES;
				CLANG_WARN_BLOCK_CAPTURE_AUTORELEASING = YES;
				CLANG_WARN_BOOL_CONVERSION = YES;
				CLANG_WARN_COMMA = YES;
				CLANG_WARN_CONSTANT_CONVERSION = YES;
				CLANG_WARN_DEPRECATED_OBJC_IMPLEMENTATIONS = YES;
				CLANG_WARN_DIRECT_OBJC_ISA_USAGE = YES_ERROR;
				CLANG_WARN_DOCUMENTATION_COMMENTS = YES;
				CLANG_WARN_EMPTY_BODY = YES;
				CLANG_WARN_ENUM_CONVERSION = YES;
				CLANG_WARN_INFINITE_RECURSION = YES;
				CLANG_WARN_INT_CONVERSION = YES;
				CLANG_WARN_NON_LITERAL_NULL_CONVERSION = YES;
				CLANG_WARN_OBJC_IMPLICIT_RETAIN_SELF = YES;
				CLANG_WARN_OBJC_LITERAL_CONVERSION = YES;
				CLANG_WARN_OBJC_ROOT_CLASS = YES_ERROR;
				CLANG_WARN_QUOTED_INCLUDE_IN_FRAMEWORK_HEADER = YES;
				CLANG_WARN_RANGE_LOOP_ANALYSIS = YES;
				CLANG_WARN_STRICT_PROTOTYPES = YES;
				CLANG_WARN_SUSPICIOUS_MOVE = YES;
				CLANG_WARN_UNGUARDED_AVAILABILITY = YES_AGGRESSIVE;
				CLANG_WARN_UNREACHABLE_CODE = YES;
				CLANG_WARN__DUPLICATE_METHOD_MATCH = YES;
				COPY_PHASE_STRIP = NO;
				CURRENT_PROJECT_VERSION = 1;
				DEAD_CODE_STRIPPING = YES;
				DEBUG_INFORMATION_FORMAT = dwarf;
				ENABLE_HARDENED_RUNTIME = YES;
				ENABLE_STRICT_OBJC_MSGSEND = YES;
				ENABLE_TESTABILITY = YES;
				ENABLE_USER_SCRIPT_SANDBOXING = YES;
				GCC_C_LANGUAGE_STANDARD = gnu17;
				GCC_DYNAMIC_NO_PIC = NO;
				GCC_NO_COMMON_BLOCKS = YES;
				GCC_OPTIMIZATION_LEVEL = 0;
				GCC_PREPROCESSOR_DEFINITIONS = (
					"$(inherited)",
					"DEBUG=1",
				);
				GCC_WARN_64_TO_32_BIT_CONVERSION = YES;
				GCC_WARN_ABOUT_RETURN_TYPE = YES_ERROR;
				GCC_WARN_UNDECLARED_SELECTOR = YES;
				GCC_WARN_UNINITIALIZED_AUTOS = YES_AGGRESSIVE;
				GCC_WARN_UNUSED_FUNCTION = YES;
				GCC_WARN_UNUSED_VARIABLE = YES;
				MACOSX_DEPLOYMENT_TARGET = 14.0;
				MARKETING_VERSION = 1.0.0;
				MTL_ENABLE_DEBUG_INFO = INCLUDE_SOURCE;
				MTL_FAST_MATH = YES;
				ONLY_ACTIVE_ARCH = YES;
				PRODUCT_NAME = "$(TARGET_NAME)";
				SDKROOT = macosx;
				SWIFT_ACTIVE_COMPILATION_CONDITIONS = DEBUG;
				SWIFT_OPTIMIZATION_LEVEL = "-Onone";
				SWIFT_STRICT_CONCURRENCY = complete;
				SWIFT_VERSION = 5.10;
			};
			name = Debug;
		};
		BE9DE71E0D244E744C50333F /* Debug */ = {
			isa = XCBuildConfiguration;
			buildSettings = {
				BUNDLE_LOADER = "$(TEST_HOST)";
				COMBINE_HIDPI_IMAGES = YES;
				INFOPLIST_FILE = TagarelaTests/Info.plist;
				LD_RUNPATH_SEARCH_PATHS = (
					"$(inherited)",
					"@executable_path/../Frameworks",
					"@loader_path/../Frameworks",
				);
				PRODUCT_BUNDLE_IDENTIFIER = com.tagarela.TagarelaTests;
				SDKROOT = macosx;
				TEST_HOST = "$(BUILT_PRODUCTS_DIR)/Tagarela.app/Contents/MacOS/Tagarela";
			};
			name = Debug;
		};
		D0A0A1CE495C77AFBE1090B1 /* Debug */ = {
			isa = XCBuildConfiguration;
			buildSettings = {
				ASSETCATALOG_COMPILER_APPICON_NAME = AppIcon;
				CODE_SIGN_ENTITLEMENTS = Tagarela/Resources/Tagarela.entitlements;
				CODE_SIGN_STYLE = Automatic;
				COMBINE_HIDPI_IMAGES = YES;
				ENABLE_PREVIEWS = YES;
				INFOPLIST_FILE = Tagarela/Resources/Info.plist;
				LD_RUNPATH_SEARCH_PATHS = "$(inherited) @executable_path/../Frameworks";
				PRODUCT_BUNDLE_IDENTIFIER = com.tagarela.Tagarela;
				SDKROOT = macosx;
			};
			name = Debug;
		};
/* End XCBuildConfiguration section */

/* Begin XCConfigurationList section */
		3EA350756AC41A0A392CF2BC /* Build configuration list for PBXProject "Tagarela" */ = {
			isa = XCConfigurationList;
			buildConfigurations = (
				5B99150D5C402C578DC22430 /* Debug */,
				1E584B7406F5252E5A777F1C /* Release */,
			);
			defaultConfigurationIsVisible = 0;
			defaultConfigurationName = Debug;
		};
		7E799A4303B8B51AC2BF7CF2 /* Build configuration list for PBXNativeTarget "Tagarela" */ = {
			isa = XCConfigurationList;
			buildConfigurations = (
				D0A0A1CE495C77AFBE1090B1 /* Debug */,
				55C9DEB719C66765CC3779A2 /* Release */,
			);
			defaultConfigurationIsVisible = 0;
			defaultConfigurationName = Debug;
		};
		DA4BB78DF1A6BA2DA40A27ED /* Build configuration list for PBXNativeTarget "TagarelaTests" */ = {
			isa = XCConfigurationList;
			buildConfigurations = (
				BE9DE71E0D244E744C50333F /* Debug */,
				119899E53EABE37EE3B92225 /* Release */,
			);
			defaultConfigurationIsVisible = 0;
			defaultConfigurationName = Debug;
		};
/* End XCConfigurationList section */

/* Begin XCRemoteSwiftPackageReference section */
		9C120ED6D13C558C16BCAE12 /* XCRemoteSwiftPackageReference "WhisperKit" */ = {
			isa = XCRemoteSwiftPackageReference;
			repositoryURL = "https://github.com/argmaxinc/WhisperKit";
			requirement = {
				kind = upToNextMajorVersion;
				minimumVersion = 0.9.0;
			};
		};
/* End XCRemoteSwiftPackageReference section */

/* Begin XCSwiftPackageProductDependency section */
		8D6A99642A3EA77F647F3C1E /* WhisperKit */ = {
			isa = XCSwiftPackageProductDependency;
			package = 9C120ED6D13C558C16BCAE12 /* XCRemoteSwiftPackageReference "WhisperKit" */;
			productName = WhisperKit;
		};
/* End XCSwiftPackageProductDependency section */
	};
	rootObject = 121CAA2F3752A009A7BEB1F6 /* Project object */;
}
