// !$*UTF8*$!
{
	archiveVersion = 1;
	classes = {
	};
	objectVersion = 77;
	objects = {

/* Begin PBXBuildFile section */
		017F3DE520AC6BCA0882BF02 /* MenuBarController.swift in Sources */ = {isa = PBXBuildFile; fileRef = BE5CBBDE375CD9B287356A58 /* MenuBarController.swift */; };
		02B791183CD66E9D1009260B /* ToastView.swift in Sources */ = {isa = PBXBuildFile; fileRef = 3B24E50595A03018A6EACB7C /* ToastView.swift */; };
		053FC805D48C1A035DA6C789 /* HotkeyServiceLive.swift in Sources */ = {isa = PBXBuildFile; fileRef = F3C8FD6338B566BC92448293 /* HotkeyServiceLive.swift */; };
		05737F2F488BA8F60A638502 /* OnboardingCoordinator.swift in Sources */ = {isa = PBXBuildFile; fileRef = 7BD3F6E32DEE6D02B932E861 /* OnboardingCoordinator.swift */; };
		0625471C404A22DE5A3040A3 /* DesignSystem.swift in Sources */ = {isa = PBXBuildFile; fileRef = 92947106E01306287DDA490B /* DesignSystem.swift */; };
		0779F6BEB11DF02D3334B344 /* AudioCaptureLive.swift in Sources */ = {isa = PBXBuildFile; fileRef = 7C1B5B143C23ACACE0B19BC6 /* AudioCaptureLive.swift */; };
		0964F026A977BF3A0908601E /* WhisperKit in Frameworks */ = {isa = PBXBuildFile; productRef = 8D6A99642A3EA77F647F3C1E /* WhisperKit */; };
		0BBF76167A8FB6E4A7630DD6 /* AudioView.swift in Sources */ = {isa = PBXBuildFile; fileRef = 0A79C17F908D069616F31938 /* AudioView.swift */; };
		11AF31E74141C1B53A1DF858 /* PreferencesRoot.swift in Sources */ = {isa = PBXBuildFile; fileRef = A9781872A9FDF110CC55173A /* PreferencesRoot.swift */; };
		143F5921AB16B24888C3404C /* MockURLProtocol.swift in Sources */ = {isa = PBXBuildFile; fileRef = 98EA5F8C9B6070B2A26F569E /* MockURLProtocol.swift */; };
		1ACA4D266E12D45EDAB6DE18 /* Toast.swift in Sources */ = {isa = PBXBuildFile; fileRef = 72D87FE39418F9229E42065B /* Toast.swift */; };
		1C73D490F7F8111D44B38DD9 /* OpenAIKeyPromptWindow.swift in Sources */ = {isa = PBXBuildFile; fileRef = 135434B5A422DE2340594BB5 /* OpenAIKeyPromptWindow.swift */; };
		1ED4C51A07338B23B42078E4 /* ToastCenter.swift in Sources */ = {isa = PBXBuildFile; fileRef = 4CA8407C5F4A3FCEEA500C5B /* ToastCenter.swift */; };
		297819BA5A957F06C5FE0F1F /* ShortcutsView.swift in Sources */ = {isa = PBXBuildFile; fileRef = 0F959F346FC72FDBA5B0A3C0 /* ShortcutsView.swift */; };
		29AE01905EAC0648F69BBE3E /* OnboardModel.swift in Sources */ = {isa = PBXBuildFile; fileRef = 7123EDA993F7879F2D0F4FA3 /* OnboardModel.swift */; };
		2A3C2873638E4A39E896CD0C /* PreferencesStoreTests.swift in Sources */ = {isa = PBXBuildFile; fileRef = 09A9046134AA822B8003E250 /* PreferencesStoreTests.swift */; };
		2B7F14B658D2BAFB03ADD4ED /* Preferences+Defaults.swift in Sources */ = {isa = PBXBuildFile; fileRef = 7B1FA7FFEA9114C2D12839AC /* Preferences+Defaults.swift */; };
		2B919407065D87FB44E9485B /* InjectorLive.swift in Sources */ = {isa = PBXBuildFile; fileRef = 1E3AF30F1AE5DEAA3522590D /* InjectorLive.swift */; };
		2BBF8EC6FCFEC7A3A6078C11 /* CustomStyleStoreNoop.swift in Sources */ = {isa = PBXBuildFile; fileRef = F225C2D8AD43FF9F2BF1BF19 /* CustomStyleStoreNoop.swift */; };
		2D97B18192853DDAD3D9B1BA /* BaseRemoteRefiner.swift in Sources */ = {isa = PBXBuildFile; fileRef = A59F19659834D5E938C47A07 /* BaseRemoteRefiner.swift */; };
		2DBE80BCCCB172430BD8372A /* IndicatorVariant.swift in Sources */ = {isa = PBXBuildFile; fileRef = FB42C8602A34F30702013834 /* IndicatorVariant.swift */; };
		2FA05A3DC8AD89F7ADC2BB22 /* StylesView.swift in Sources */ = {isa = PBXBuildFile; fileRef = 940E761FB8E1DC02E2A12840 /* StylesView.swift */; };
		305B2F27198873224FF54CDD /* OllamaModelLister.swift in Sources */ = {isa = PBXBuildFile; fileRef = 845129F4E9D16A1A7E620CF0 /* OllamaModelLister.swift */; };
		325F4003CED9799250EB2986 /* Hotkey.swift in Sources */ = {isa = PBXBuildFile; fileRef = FF97A9FF6E8F2B8D5CF07039 /* Hotkey.swift */; };
		327A5BAAF5D214FF4EE829B2 /* OnboardPerms.swift in Sources */ = {isa = PBXBuildFile; fileRef = E0623A21CF9D908E558777F2 /* OnboardPerms.swift */; };
		3299D0D234F2D399EF5F990F /* Localizable.strings in Resources */ = {isa = PBXBuildFile; fileRef = D38647B7FE551CF75D0C0D04 /* Localizable.strings */; };
		32C9E0DC25051DCB371D8041 /* DefaultVocabulary.swift in Sources */ = {isa = PBXBuildFile; fileRef = BDC8ADE91AFA6BD9D11E690E /* DefaultVocabulary.swift */; };
		33A946A20B32ADDDD2037F0E /* KeychainService.swift in Sources */ = {isa = PBXBuildFile; fileRef = 4DB6FB551445042E1DC287A5 /* KeychainService.swift */; };
		3A8FDD7D2A62358C77D79CD5 /* TokenCounter.swift in Sources */ = {isa = PBXBuildFile; fileRef = 6D403F8BAFCB53E3F2460AF6 /* TokenCounter.swift */; };
		3B18FD726E3947F06D8D1F30 /* StyleSubmenu.swift in Sources */ = {isa = PBXBuildFile; fileRef = F8E2E64D535690D689AED8FC /* StyleSubmenu.swift */; };
		3CF0EFD18A8C1833C0F2C68F /* OpenAIRefiner.swift in Sources */ = {isa = PBXBuildFile; fileRef = 7F54A24A7539461F01EA2BC7 /* OpenAIRefiner.swift */; };
		3D3BA1DE80B62401CDA1813B /* PipelineCoordinatorTests.swift in Sources */ = {isa = PBXBuildFile; fileRef = F3A0F0B03EE5F5FB89DE08B9 /* PipelineCoordinatorTests.swift */; };
		40BF54990CABDC54B6F1C490 /* HistoryStoreTests.swift in Sources */ = {isa = PBXBuildFile; fileRef = 8E95BE6F37BB77AB9308F1BF /* HistoryStoreTests.swift */; };
		4692961AE3F053121202C809 /* ToastKind.swift in Sources */ = {isa = PBXBuildFile; fileRef = AC6021940DB203F4703C9623 /* ToastKind.swift */; };
		4824F90EF3DE77D4BC61EC05 /* PermissionKind.swift in Sources */ = {isa = PBXBuildFile; fileRef = 7FE94C85AFDD672AB2EF4F97 /* PermissionKind.swift */; };
		48E8B9B735C1CC22695F3F2F /* PermissionService.swift in Sources */ = {isa = PBXBuildFile; fileRef = 86440E3E743253F4C26F8451 /* PermissionService.swift */; };
		49B0A36CF4734B4B42AD0B42 /* StyleProviderTests.swift in Sources */ = {isa = PBXBuildFile; fileRef = 85CFBE0BCC471B3A68F474EC /* StyleProviderTests.swift */; };
		4EF650A9698551F6B9D9497D /* RefinerFallbackReasonTests.swift in Sources */ = {isa = PBXBuildFile; fileRef = 000437DA8749B2E09CBA9DC3 /* RefinerFallbackReasonTests.swift */; };
		4EF88190CF8123AF3D9D9BF6 /* CustomStyleTests.swift in Sources */ = {isa = PBXBuildFile; fileRef = D09C9789A9548B488C652FF9 /* CustomStyleTests.swift */; };
		4F9D601711CA76ED279BC01C /* GeneralView.swift in Sources */ = {isa = PBXBuildFile; fileRef = F536517168E5CD3C9A40C45A /* GeneralView.swift */; };
		50C6384D0A9534712D2DF346 /* PermissionServiceTests.swift in Sources */ = {isa = PBXBuildFile; fileRef = B38D1EC0BE929E9255E6D405 /* PermissionServiceTests.swift */; };
		51A8AB80127108D2D3F8A704 /* OllamaHealthChecker.swift in Sources */ = {isa = PBXBuildFile; fileRef = D4139BFBDBEB25C8A6F0E730 /* OllamaHealthChecker.swift */; };
		5347C7CDE75356338A218F1A /* CustomStyleStoreTests.swift in Sources */ = {isa = PBXBuildFile; fileRef = E9091563F088784340E570DD /* CustomStyleStoreTests.swift */; };
		56622911FD63010B500D90B0 /* FloatingIndicatorPanel.swift in Sources */ = {isa = PBXBuildFile; fileRef = 265CDA7DE0CCADB7E45F98EA /* FloatingIndicatorPanel.swift */; };
		58A935E47E4EADFB2381E629 /* PermissionStatus.swift in Sources */ = {isa = PBXBuildFile; fileRef = 62EFB96895497806042A4427 /* PermissionStatus.swift */; };
		5F893074B312F218A17C07D7 /* TextRefiner.swift in Sources */ = {isa = PBXBuildFile; fileRef = C7EBB86EF951B5C4D72D2C4A /* TextRefiner.swift */; };
		600F7E9BA8B277A85D19AC27 /* KeychainServiceTests.swift in Sources */ = {isa = PBXBuildFile; fileRef = C21B6DC47F003BD0D9CF4805 /* KeychainServiceTests.swift */; };
		633DC8F03A720A10B472A412 /* OpenAIEndpoint.swift in Sources */ = {isa = PBXBuildFile; fileRef = 7B1F1FCA91D0C01F7247F1C3 /* OpenAIEndpoint.swift */; };
		64328B8FE1C0814A55FC386C /* LocalizableKeysTests.swift in Sources */ = {isa = PBXBuildFile; fileRef = 139D12A4A1889934F103A9B1 /* LocalizableKeysTests.swift */; };
		64FF3B483E6076BE62FC790B /* IndicatorVariantTests.swift in Sources */ = {isa = PBXBuildFile; fileRef = 063767F145310C13CC9F3BD3 /* IndicatorVariantTests.swift */; };
		6A9EB8E08A71F8CE5E515E78 /* RefinerOllamaView.swift in Sources */ = {isa = PBXBuildFile; fileRef = B9A728C5C1F5DFB5F4DD303F /* RefinerOllamaView.swift */; };
		6C2A5C8479021CA37009A06F /* OllamaModelListerTests.swift in Sources */ = {isa = PBXBuildFile; fileRef = 7C0042114A72579FA30507A0 /* OllamaModelListerTests.swift */; };
		758D7A361EA11C3E32E36E8A /* AudioCapturing.swift in Sources */ = {isa = PBXBuildFile; fileRef = D935115B6E9C71348D73E53F /* AudioCapturing.swift */; };
		762BF631DAB5A7E717F0401E /* PipelineEvent.swift in Sources */ = {isa = PBXBuildFile; fileRef = EA2A3341042C032C2AD90B62 /* PipelineEvent.swift */; };
		7906156A7FDCB39A8CD1EEF2 /* HotkeyService.swift in Sources */ = {isa = PBXBuildFile; fileRef = 48A38EEE3C74B26A58569FDF /* HotkeyService.swift */; };
		7CFB0DDDA053BAAF6A2A90F6 /* Transcribing.swift in Sources */ = {isa = PBXBuildFile; fileRef = 82624846B13D44387F031C84 /* Transcribing.swift */; };
		7E89DE5BC85C3CA9311DFDDD /* Transcription.swift in Sources */ = {isa = PBXBuildFile; fileRef = DFE9E378E1E9AFBC5ACCCFC0 /* Transcription.swift */; };
		81323C2BE4C6733126B398E0 /* RemoteRefinerConfigTests.swift in Sources */ = {isa = PBXBuildFile; fileRef = E68546BC2AA01D348444B929 /* RemoteRefinerConfigTests.swift */; };
		8361DB813F9EC5BBB72B5B8D /* InitialPromptBuilder.swift in Sources */ = {isa = PBXBuildFile; fileRef = 9C606257E45AEAEF6FBA17FF /* InitialPromptBuilder.swift */; };
		839B15FF698B8066B9A10B85 /* BuiltInStyles.swift in Sources */ = {isa = PBXBuildFile; fileRef = 4957C5587E1637BDC0A791B8 /* BuiltInStyles.swift */; };
		83CFA88301F2CAAEDD3F881C /* OnboardWelcome.swift in Sources */ = {isa = PBXBuildFile; fileRef = AED216601F513596143B776B /* OnboardWelcome.swift */; };
		84A4E93B1409094CB19E37D8 /* HistoryStore.swift in Sources */ = {isa = PBXBuildFile; fileRef = 8725E91CBBF02586037271E2 /* HistoryStore.swift */; };
		84F54E14BCFD60F0E854ECB3 /* RefinerError.swift in Sources */ = {isa = PBXBuildFile; fileRef = 4BEFD414690FBE88FE9E33AF /* RefinerError.swift */; };
		87DC949110EC521E9AB71D47 /* PrefsSection.swift in Sources */ = {isa = PBXBuildFile; fileRef = BDC3A4DA1D84200F9B613E3F /* PrefsSection.swift */; };
		89A04ABA6F671B1B26204D1E /* IdentityRefinerTests.swift in Sources */ = {isa = PBXBuildFile; fileRef = C746B068BBCF245665858B64 /* IdentityRefinerTests.swift */; };
		8B5B76C613FDAAFC9743785F /* ToastKindTests.swift in Sources */ = {isa = PBXBuildFile; fileRef = D6F94E64AE4AEE7F0E13BD05 /* ToastKindTests.swift */; };
		8BFAF3788331C033B5F8EC16 /* RefinerFactory.swift in Sources */ = {isa = PBXBuildFile; fileRef = 8642522EEA745BE571EDCCC5 /* RefinerFactory.swift */; };
		8DB6F64CD8DA02B106FCAB21 /* TagarelaApp.swift in Sources */ = {isa = PBXBuildFile; fileRef = 6AA232DBB32229FCAA0AC660 /* TagarelaApp.swift */; };
		8FECD110F77CE391093D0C4E /* StyleTests.swift in Sources */ = {isa = PBXBuildFile; fileRef = 8E9B177C502566925C655290 /* StyleTests.swift */; };
		907E2E4EBC4A1C27D3448DB5 /* InjectorTests.swift in Sources */ = {isa = PBXBuildFile; fileRef = A8CECA9E4C80A61C089E6870 /* InjectorTests.swift */; };
		922E00F82EACAD018FD8EF4D /* PreferencesWindow.swift in Sources */ = {isa = PBXBuildFile; fileRef = 8C20EC8B0FE33918F8535AA0 /* PreferencesWindow.swift */; };
		924C7046FF921B54AFD98EC4 /* HotkeyTests.swift in Sources */ = {isa = PBXBuildFile; fileRef = 546B9E9134BAAF0569059D02 /* HotkeyTests.swift */; };
		933E4CECF756C21D0060CEF9 /* Injecting.swift in Sources */ = {isa = PBXBuildFile; fileRef = 5ECDA19A878F5C9B2C87A95C /* Injecting.swift */; };
		9A2E1526631AFFE17EE3BDE4 /* Fonts in Resources */ = {isa = PBXBuildFile; fileRef = F12ABBA517752A7E8B23895F /* Fonts */; };
		9B791DDD20F7F9797B8BCF92 /* StateRow.swift in Sources */ = {isa = PBXBuildFile; fileRef = 6FD5358613FA8CC6BD09D9F5 /* StateRow.swift */; };
		9BECA633DC1B68388B63CCB9 /* OnboardingWindow.swift in Sources */ = {isa = PBXBuildFile; fileRef = A71F1880249798ECC971911D /* OnboardingWindow.swift */; };
		9C7A7C970C0AB62B1B07040E /* InitialPromptBuilderTests.swift in Sources */ = {isa = PBXBuildFile; fileRef = F19CDE90411D6A59F7C2922E /* InitialPromptBuilderTests.swift */; };
		9D3DBD5FA1E5D9A56E91B893 /* TokenCounterTests.swift in Sources */ = {isa = PBXBuildFile; fileRef = 3ED9DDFE385D1F49BF9DC9B6 /* TokenCounterTests.swift */; };
		A21A1735B956842C18084FB7 /* OllamaRefiner.swift in Sources */ = {isa = PBXBuildFile; fileRef = 9D90CEE589F6BACD48866A3C /* OllamaRefiner.swift */; };
		A4D31BE7970D1374AAA35D2D /* OpenAIRefinerTests.swift in Sources */ = {isa = PBXBuildFile; fileRef = 63E0CA135AF061EB8FA4E4A2 /* OpenAIRefinerTests.swift */; };
		A622AB16F4344E1910C0D5DD /* HistoryView.swift in Sources */ = {isa = PBXBuildFile; fileRef = 511F4D98C36FD5B80FE7CAD7 /* HistoryView.swift */; };
		A6955A296E4ED3004CA4F619 /* KeychainServiceLive.swift in Sources */ = {isa = PBXBuildFile; fileRef = 933F8BE4128CA4B4939F9886 /* KeychainServiceLive.swift */; };
		A723F99CF516D9C1904D9B08 /* AppState.swift in Sources */ = {isa = PBXBuildFile; fileRef = E67AC40A1677F04D206698D8 /* AppState.swift */; };
		B6AC8D77746DD364C1D83E4A /* Wordmark.swift in Sources */ = {isa = PBXBuildFile; fileRef = CDA671BF3E800969A73A8EF5 /* Wordmark.swift */; };
		B921AB0B66E9A5FBEC9EBFD1 /* AppContainer.swift in Sources */ = {isa = PBXBuildFile; fileRef = A1A68A34868B4B17F0CD95D4 /* AppContainer.swift */; };
		B92A18A74D93A4A5C057A5EF /* HistoryStoreLive.swift in Sources */ = {isa = PBXBuildFile; fileRef = 34D03471F0F19E467A741ED6 /* HistoryStoreLive.swift */; };
		BD64F87722132F46B9A177A1 /* RefinerFactoryTests.swift in Sources */ = {isa = PBXBuildFile; fileRef = 08409FB81EE882100E04E4CF /* RefinerFactoryTests.swift */; };
		C089BEDAD880AE8AE873E943 /* WhisperKitTranscriber.swift in Sources */ = {isa = PBXBuildFile; fileRef = E4BE45043CF12FBE67AE1DBD /* WhisperKitTranscriber.swift */; };
		C92FA6C50DD3D346C24C940A /* PermissionServiceLive.swift in Sources */ = {isa = PBXBuildFile; fileRef = 827CCE37EBEA134265121AF8 /* PermissionServiceLive.swift */; };
		CD66B2474777413B2261DF12 /* IndicatorView.swift in Sources */ = {isa = PBXBuildFile; fileRef = 49BDA8305F7FB0B1951CEEE0 /* IndicatorView.swift */; };
		CE4AAD082C51712AA9D3CD4A /* RefinerOpenAIView.swift in Sources */ = {isa = PBXBuildFile; fileRef = 79FC0A41CA3D1963B33D77BF /* RefinerOpenAIView.swift */; };
		D01132A4843AAD504C18AC1A /* CustomStyleStoreLive.swift in Sources */ = {isa = PBXBuildFile; fileRef = E229AB7DD897353C67D3F49E /* CustomStyleStoreLive.swift */; };
		D17082E0C1E2EE94E2E10C20 /* RefinerGeneralView.swift in Sources */ = {isa = PBXBuildFile; fileRef = 81CFABCF169C821D63F99C15 /* RefinerGeneralView.swift */; };
		D184234EF281996B98B43E86 /* RefinerErrorMapperTests.swift in Sources */ = {isa = PBXBuildFile; fileRef = EA50651B0097577FB6353079 /* RefinerErrorMapperTests.swift */; };
		D1A93967CD63EEA29E690078 /* StyleProvider.swift in Sources */ = {isa = PBXBuildFile; fileRef = D1D55AD4214FB11682E68510 /* StyleProvider.swift */; };
		D3B91FA9784977324C183175 /* Style.swift in Sources */ = {isa = PBXBuildFile; fileRef = A539AA5E429530984A675838 /* Style.swift */; };
		D4257FEC403C6F3EEFB5D4DB /* OllamaRefinerTests.swift in Sources */ = {isa = PBXBuildFile; fileRef = B78197C597CBF6A59ECEEA76 /* OllamaRefinerTests.swift */; };
		D44AC44AFA2D08CC9A8111F5 /* Assets.xcassets in Resources */ = {isa = PBXBuildFile; fileRef = 0B2194D608A5F68AEE4F7C69 /* Assets.xcassets */; };
		D4777567135F37A0CAF1FA00 /* HistoryStoreNoop.swift in Sources */ = {isa = PBXBuildFile; fileRef = D5AAD7252267D4B8F9699DFF /* HistoryStoreNoop.swift */; };
		D6011D4EA9B97BB8CD07EFE1 /* RefinerErrorMapper.swift in Sources */ = {isa = PBXBuildFile; fileRef = A4B465BEE19AB4757FF27B58 /* RefinerErrorMapper.swift */; };
		D6CA20473667604E696778CF /* OpenAIEndpointTests.swift in Sources */ = {isa = PBXBuildFile; fileRef = AE27CF1064741F7D47CA0DCB /* OpenAIEndpointTests.swift */; };
		D7813EF2C32E29BBEF8E8FC9 /* CustomStyleEditSheet.swift in Sources */ = {isa = PBXBuildFile; fileRef = BDEA894F73814D4A6AA45078 /* CustomStyleEditSheet.swift */; };
		E132445401CE971C386D1610 /* IdentityRefiner.swift in Sources */ = {isa = PBXBuildFile; fileRef = 89E2D30E8BD941C39FE3D792 /* IdentityRefiner.swift */; };
		E681CDA890AA16DEDECB9DD7 /* BackendSubmenu.swift in Sources */ = {isa = PBXBuildFile; fileRef = 4084B44A2E36CF14BE64862A /* BackendSubmenu.swift */; };
		E7AE5C3DFF90448A85AE1456 /* CustomStyle.swift in Sources */ = {isa = PBXBuildFile; fileRef = EA8D990802149FD51B43EDDE /* CustomStyle.swift */; };
		E80BA1C6085B483D0F6E92DA /* PreferencesStore.swift in Sources */ = {isa = PBXBuildFile; fileRef = AF4E1ACFB5000E98F5B03733 /* PreferencesStore.swift */; };
		E8924FEF4C5A1C399E37858D /* PipelineCoordinator.swift in Sources */ = {isa = PBXBuildFile; fileRef = AC56152B24C02BAFC8827300 /* PipelineCoordinator.swift */; };
		E9170EE724922DBBB50D166D /* WaveBars.swift in Sources */ = {isa = PBXBuildFile; fileRef = 33F19FE89DB89426AFE260B8 /* WaveBars.swift */; };
		EEF5EEA71C7F9BE724013700 /* VocabularyView.swift in Sources */ = {isa = PBXBuildFile; fileRef = 620E904B00271823AADE56B9 /* VocabularyView.swift */; };
		EFA552262CE858E2BA967417 /* ToastCenterTests.swift in Sources */ = {isa = PBXBuildFile; fileRef = 16D36018E93C09CC0C61C99B /* ToastCenterTests.swift */; };
		EFAA73358DCF48C1C1037FD8 /* IndicatorPill.swift in Sources */ = {isa = PBXBuildFile; fileRef = 1E6F51C94A5B358ED2DB0CBD /* IndicatorPill.swift */; };
		F11CF8F05C71CAC179EAEA5D /* RemoteRefinerConfig.swift in Sources */ = {isa = PBXBuildFile; fileRef = C658A1FA765D0031A186BB22 /* RemoteRefinerConfig.swift */; };
		F4CFA2E3B88D0CFA2DA1A068 /* CustomStyleStore.swift in Sources */ = {isa = PBXBuildFile; fileRef = DD31E2B52177A74935D9866F /* CustomStyleStore.swift */; };
		F8FBCE0B00B117991617F4EB /* Glyph.swift in Sources */ = {isa = PBXBuildFile; fileRef = 64EB8767875513C5CBD96EB7 /* Glyph.swift */; };
/* End PBXBuildFile section */

/* Begin PBXContainerItemProxy section */
		ED17C0C9293BCA0629C33DA6 /* PBXContainerItemProxy */ = {
			isa = PBXContainerItemProxy;
			containerPortal = 121CAA2F3752A009A7BEB1F6 /* Project object */;
			proxyType = 1;
			remoteGlobalIDString = 715677D834111BC04FF17146;
			remoteInfo = Tagarela;
		};
/* End PBXContainerItemProxy section */

/* Begin PBXFileReference section */
		000437DA8749B2E09CBA9DC3 /* RefinerFallbackReasonTests.swift */ = {isa = PBXFileReference; lastKnownFileType = sourcecode.swift; path = RefinerFallbackReasonTests.swift; sourceTree = "<group>"; };
		063767F145310C13CC9F3BD3 /* IndicatorVariantTests.swift */ = {isa = PBXFileReference; lastKnownFileType = sourcecode.swift; path = IndicatorVariantTests.swift; sourceTree = "<group>"; };
		08409FB81EE882100E04E4CF /* RefinerFactoryTests.swift */ = {isa = PBXFileReference; lastKnownFileType = sourcecode.swift; path = RefinerFactoryTests.swift; sourceTree = "<group>"; };
		09A9046134AA822B8003E250 /* PreferencesStoreTests.swift */ = {isa = PBXFileReference; lastKnownFileType = sourcecode.swift; path = PreferencesStoreTests.swift; sourceTree = "<group>"; };
		0A79C17F908D069616F31938 /* AudioView.swift */ = {isa = PBXFileReference; lastKnownFileType = sourcecode.swift; path = AudioView.swift; sourceTree = "<group>"; };
		0B2194D608A5F68AEE4F7C69 /* Assets.xcassets */ = {isa = PBXFileReference; lastKnownFileType = folder.assetcatalog; path = Assets.xcassets; sourceTree = "<group>"; };
		0F959F346FC72FDBA5B0A3C0 /* ShortcutsView.swift */ = {isa = PBXFileReference; lastKnownFileType = sourcecode.swift; path = ShortcutsView.swift; sourceTree = "<group>"; };
		135434B5A422DE2340594BB5 /* OpenAIKeyPromptWindow.swift */ = {isa = PBXFileReference; lastKnownFileType = sourcecode.swift; path = OpenAIKeyPromptWindow.swift; sourceTree = "<group>"; };
		139D12A4A1889934F103A9B1 /* LocalizableKeysTests.swift */ = {isa = PBXFileReference; lastKnownFileType = sourcecode.swift; path = LocalizableKeysTests.swift; sourceTree = "<group>"; };
		16D36018E93C09CC0C61C99B /* ToastCenterTests.swift */ = {isa = PBXFileReference; lastKnownFileType = sourcecode.swift; path = ToastCenterTests.swift; sourceTree = "<group>"; };
		1E3AF30F1AE5DEAA3522590D /* InjectorLive.swift */ = {isa = PBXFileReference; lastKnownFileType = sourcecode.swift; path = InjectorLive.swift; sourceTree = "<group>"; };
		1E6F51C94A5B358ED2DB0CBD /* IndicatorPill.swift */ = {isa = PBXFileReference; lastKnownFileType = sourcecode.swift; path = IndicatorPill.swift; sourceTree = "<group>"; };
		265CDA7DE0CCADB7E45F98EA /* FloatingIndicatorPanel.swift */ = {isa = PBXFileReference; lastKnownFileType = sourcecode.swift; path = FloatingIndicatorPanel.swift; sourceTree = "<group>"; };
		2FC6EF683588FB78503E090B /* pt-BR */ = {isa = PBXFileReference; lastKnownFileType = text.plist.strings; name = "pt-BR"; path = "pt-BR.lproj/Localizable.strings"; sourceTree = "<group>"; };
		33F19FE89DB89426AFE260B8 /* WaveBars.swift */ = {isa = PBXFileReference; lastKnownFileType = sourcecode.swift; path = WaveBars.swift; sourceTree = "<group>"; };
		34D03471F0F19E467A741ED6 /* HistoryStoreLive.swift */ = {isa = PBXFileReference; lastKnownFileType = sourcecode.swift; path = HistoryStoreLive.swift; sourceTree = "<group>"; };
		3B24E50595A03018A6EACB7C /* ToastView.swift */ = {isa = PBXFileReference; lastKnownFileType = sourcecode.swift; path = ToastView.swift; sourceTree = "<group>"; };
		3ED9DDFE385D1F49BF9DC9B6 /* TokenCounterTests.swift */ = {isa = PBXFileReference; lastKnownFileType = sourcecode.swift; path = TokenCounterTests.swift; sourceTree = "<group>"; };
		4084B44A2E36CF14BE64862A /* BackendSubmenu.swift */ = {isa = PBXFileReference; lastKnownFileType = sourcecode.swift; path = BackendSubmenu.swift; sourceTree = "<group>"; };
		48A38EEE3C74B26A58569FDF /* HotkeyService.swift */ = {isa = PBXFileReference; lastKnownFileType = sourcecode.swift; path = HotkeyService.swift; sourceTree = "<group>"; };
		4957C5587E1637BDC0A791B8 /* BuiltInStyles.swift */ = {isa = PBXFileReference; lastKnownFileType = sourcecode.swift; path = BuiltInStyles.swift; sourceTree = "<group>"; };
		49BDA8305F7FB0B1951CEEE0 /* IndicatorView.swift */ = {isa = PBXFileReference; lastKnownFileType = sourcecode.swift; path = IndicatorView.swift; sourceTree = "<group>"; };
		4BEFD414690FBE88FE9E33AF /* RefinerError.swift */ = {isa = PBXFileReference; lastKnownFileType = sourcecode.swift; path = RefinerError.swift; sourceTree = "<group>"; };
		4CA8407C5F4A3FCEEA500C5B /* ToastCenter.swift */ = {isa = PBXFileReference; lastKnownFileType = sourcecode.swift; path = ToastCenter.swift; sourceTree = "<group>"; };
		4DB6FB551445042E1DC287A5 /* KeychainService.swift */ = {isa = PBXFileReference; lastKnownFileType = sourcecode.swift; path = KeychainService.swift; sourceTree = "<group>"; };
		511F4D98C36FD5B80FE7CAD7 /* HistoryView.swift */ = {isa = PBXFileReference; lastKnownFileType = sourcecode.swift; path = HistoryView.swift; sourceTree = "<group>"; };
		546B9E9134BAAF0569059D02 /* HotkeyTests.swift */ = {isa = PBXFileReference; lastKnownFileType = sourcecode.swift; path = HotkeyTests.swift; sourceTree = "<group>"; };
		5ECDA19A878F5C9B2C87A95C /* Injecting.swift */ = {isa = PBXFileReference; lastKnownFileType = sourcecode.swift; path = Injecting.swift; sourceTree = "<group>"; };
		620E904B00271823AADE56B9 /* VocabularyView.swift */ = {isa = PBXFileReference; lastKnownFileType = sourcecode.swift; path = VocabularyView.swift; sourceTree = "<group>"; };
		62EFB96895497806042A4427 /* PermissionStatus.swift */ = {isa = PBXFileReference; lastKnownFileType = sourcecode.swift; path = PermissionStatus.swift; sourceTree = "<group>"; };
		63E0CA135AF061EB8FA4E4A2 /* OpenAIRefinerTests.swift */ = {isa = PBXFileReference; lastKnownFileType = sourcecode.swift; path = OpenAIRefinerTests.swift; sourceTree = "<group>"; };
		64EB8767875513C5CBD96EB7 /* Glyph.swift */ = {isa = PBXFileReference; lastKnownFileType = sourcecode.swift; path = Glyph.swift; sourceTree = "<group>"; };
		6AA232DBB32229FCAA0AC660 /* TagarelaApp.swift */ = {isa = PBXFileReference; lastKnownFileType = sourcecode.swift; path = TagarelaApp.swift; sourceTree = "<group>"; };
		6D403F8BAFCB53E3F2460AF6 /* TokenCounter.swift */ = {isa = PBXFileReference; lastKnownFileType = sourcecode.swift; path = TokenCounter.swift; sourceTree = "<group>"; };
		6FD5358613FA8CC6BD09D9F5 /* StateRow.swift */ = {isa = PBXFileReference; lastKnownFileType = sourcecode.swift; path = StateRow.swift; sourceTree = "<group>"; };
		7123EDA993F7879F2D0F4FA3 /* OnboardModel.swift */ = {isa = PBXFileReference; lastKnownFileType = sourcecode.swift; path = OnboardModel.swift; sourceTree = "<group>"; };
		727AD7A472BE6C196EAA6002 /* TagarelaTests.xctest */ = {isa = PBXFileReference; explicitFileType = wrapper.cfbundle; includeInIndex = 0; path = TagarelaTests.xctest; sourceTree = BUILT_PRODUCTS_DIR; };
		72D87FE39418F9229E42065B /* Toast.swift */ = {isa = PBXFileReference; lastKnownFileType = sourcecode.swift; path = Toast.swift; sourceTree = "<group>"; };
		79FC0A41CA3D1963B33D77BF /* RefinerOpenAIView.swift */ = {isa = PBXFileReference; lastKnownFileType = sourcecode.swift; path = RefinerOpenAIView.swift; sourceTree = "<group>"; };
		7B1F1FCA91D0C01F7247F1C3 /* OpenAIEndpoint.swift */ = {isa = PBXFileReference; lastKnownFileType = sourcecode.swift; path = OpenAIEndpoint.swift; sourceTree = "<group>"; };
		7B1FA7FFEA9114C2D12839AC /* Preferences+Defaults.swift */ = {isa = PBXFileReference; lastKnownFileType = sourcecode.swift; path = "Preferences+Defaults.swift"; sourceTree = "<group>"; };
		7BD3F6E32DEE6D02B932E861 /* OnboardingCoordinator.swift */ = {isa = PBXFileReference; lastKnownFileType = sourcecode.swift; path = OnboardingCoordinator.swift; sourceTree = "<group>"; };
		7C0042114A72579FA30507A0 /* OllamaModelListerTests.swift */ = {isa = PBXFileReference; lastKnownFileType = sourcecode.swift; path = OllamaModelListerTests.swift; sourceTree = "<group>"; };
		7C1B5B143C23ACACE0B19BC6 /* AudioCaptureLive.swift */ = {isa = PBXFileReference; lastKnownFileType = sourcecode.swift; path = AudioCaptureLive.swift; sourceTree = "<group>"; };
		7F54A24A7539461F01EA2BC7 /* OpenAIRefiner.swift */ = {isa = PBXFileReference; lastKnownFileType = sourcecode.swift; path = OpenAIRefiner.swift; sourceTree = "<group>"; };
		7FE94C85AFDD672AB2EF4F97 /* PermissionKind.swift */ = {isa = PBXFileReference; lastKnownFileType = sourcecode.swift; path = PermissionKind.swift; sourceTree = "<group>"; };
		81CFABCF169C821D63F99C15 /* RefinerGeneralView.swift */ = {isa = PBXFileReference; lastKnownFileType = sourcecode.swift; path = RefinerGeneralView.swift; sourceTree = "<group>"; };
		82624846B13D44387F031C84 /* Transcribing.swift */ = {isa = PBXFileReference; lastKnownFileType = sourcecode.swift; path = Transcribing.swift; sourceTree = "<group>"; };
		827CCE37EBEA134265121AF8 /* PermissionServiceLive.swift */ = {isa = PBXFileReference; lastKnownFileType = sourcecode.swift; path = PermissionServiceLive.swift; sourceTree = "<group>"; };
		845129F4E9D16A1A7E620CF0 /* OllamaModelLister.swift */ = {isa = PBXFileReference; lastKnownFileType = sourcecode.swift; path = OllamaModelLister.swift; sourceTree = "<group>"; };
		85CFBE0BCC471B3A68F474EC /* StyleProviderTests.swift */ = {isa = PBXFileReference; lastKnownFileType = sourcecode.swift; path = StyleProviderTests.swift; sourceTree = "<group>"; };
		8642522EEA745BE571EDCCC5 /* RefinerFactory.swift */ = {isa = PBXFileReference; lastKnownFileType = sourcecode.swift; path = RefinerFactory.swift; sourceTree = "<group>"; };
		86440E3E743253F4C26F8451 /* PermissionService.swift */ = {isa = PBXFileReference; lastKnownFileType = sourcecode.swift; path = PermissionService.swift; sourceTree = "<group>"; };
		8725E91CBBF02586037271E2 /* HistoryStore.swift */ = {isa = PBXFileReference; lastKnownFileType = sourcecode.swift; path = HistoryStore.swift; sourceTree = "<group>"; };
		885C3426FB83B9F0218878A7 /* Tagarela.app */ = {isa = PBXFileReference; explicitFileType = wrapper.application; includeInIndex = 0; path = Tagarela.app; sourceTree = BUILT_PRODUCTS_DIR; };
		89E2D30E8BD941C39FE3D792 /* IdentityRefiner.swift */ = {isa = PBXFileReference; lastKnownFileType = sourcecode.swift; path = IdentityRefiner.swift; sourceTree = "<group>"; };
		8C20EC8B0FE33918F8535AA0 /* PreferencesWindow.swift */ = {isa = PBXFileReference; lastKnownFileType = sourcecode.swift; path = PreferencesWindow.swift; sourceTree = "<group>"; };
		8E95BE6F37BB77AB9308F1BF /* HistoryStoreTests.swift */ = {isa = PBXFileReference; lastKnownFileType = sourcecode.swift; path = HistoryStoreTests.swift; sourceTree = "<group>"; };
		8E9B177C502566925C655290 /* StyleTests.swift */ = {isa = PBXFileReference; lastKnownFileType = sourcecode.swift; path = StyleTests.swift; sourceTree = "<group>"; };
		92947106E01306287DDA490B /* DesignSystem.swift */ = {isa = PBXFileReference; lastKnownFileType = sourcecode.swift; path = DesignSystem.swift; sourceTree = "<group>"; };
		933F8BE4128CA4B4939F9886 /* KeychainServiceLive.swift */ = {isa = PBXFileReference; lastKnownFileType = sourcecode.swift; path = KeychainServiceLive.swift; sourceTree = "<group>"; };
		940E761FB8E1DC02E2A12840 /* StylesView.swift */ = {isa = PBXFileReference; lastKnownFileType = sourcecode.swift; path = StylesView.swift; sourceTree = "<group>"; };
		98EA5F8C9B6070B2A26F569E /* MockURLProtocol.swift */ = {isa = PBXFileReference; lastKnownFileType = sourcecode.swift; path = MockURLProtocol.swift; sourceTree = "<group>"; };
		9C606257E45AEAEF6FBA17FF /* InitialPromptBuilder.swift */ = {isa = PBXFileReference; lastKnownFileType = sourcecode.swift; path = InitialPromptBuilder.swift; sourceTree = "<group>"; };
		9D90CEE589F6BACD48866A3C /* OllamaRefiner.swift */ = {isa = PBXFileReference; lastKnownFileType = sourcecode.swift; path = OllamaRefiner.swift; sourceTree = "<group>"; };
		A1A68A34868B4B17F0CD95D4 /* AppContainer.swift */ = {isa = PBXFileReference; lastKnownFileType = sourcecode.swift; path = AppContainer.swift; sourceTree = "<group>"; };
		A4B465BEE19AB4757FF27B58 /* RefinerErrorMapper.swift */ = {isa = PBXFileReference; lastKnownFileType = sourcecode.swift; path = RefinerErrorMapper.swift; sourceTree = "<group>"; };
		A539AA5E429530984A675838 /* Style.swift */ = {isa = PBXFileReference; lastKnownFileType = sourcecode.swift; path = Style.swift; sourceTree = "<group>"; };
		A59F19659834D5E938C47A07 /* BaseRemoteRefiner.swift */ = {isa = PBXFileReference; lastKnownFileType = sourcecode.swift; path = BaseRemoteRefiner.swift; sourceTree = "<group>"; };
		A71F1880249798ECC971911D /* OnboardingWindow.swift */ = {isa = PBXFileReference; lastKnownFileType = sourcecode.swift; path = OnboardingWindow.swift; sourceTree = "<group>"; };
		A8CECA9E4C80A61C089E6870 /* InjectorTests.swift */ = {isa = PBXFileReference; lastKnownFileType = sourcecode.swift; path = InjectorTests.swift; sourceTree = "<group>"; };
		A9781872A9FDF110CC55173A /* PreferencesRoot.swift */ = {isa = PBXFileReference; lastKnownFileType = sourcecode.swift; path = PreferencesRoot.swift; sourceTree = "<group>"; };
		AC56152B24C02BAFC8827300 /* PipelineCoordinator.swift */ = {isa = PBXFileReference; lastKnownFileType = sourcecode.swift; path = PipelineCoordinator.swift; sourceTree = "<group>"; };
		AC6021940DB203F4703C9623 /* ToastKind.swift */ = {isa = PBXFileReference; lastKnownFileType = sourcecode.swift; path = ToastKind.swift; sourceTree = "<group>"; };
		AE27CF1064741F7D47CA0DCB /* OpenAIEndpointTests.swift */ = {isa = PBXFileReference; lastKnownFileType = sourcecode.swift; path = OpenAIEndpointTests.swift; sourceTree = "<group>"; };
		AED216601F513596143B776B /* OnboardWelcome.swift */ = {isa = PBXFileReference; lastKnownFileType = sourcecode.swift; path = OnboardWelcome.swift; sourceTree = "<group>"; };
		AF4E1ACFB5000E98F5B03733 /* PreferencesStore.swift */ = {isa = PBXFileReference; lastKnownFileType = sourcecode.swift; path = PreferencesStore.swift; sourceTree = "<group>"; };
		B38D1EC0BE929E9255E6D405 /* PermissionServiceTests.swift */ = {isa = PBXFileReference; lastKnownFileType = sourcecode.swift; path = PermissionServiceTests.swift; sourceTree = "<group>"; };
		B78197C597CBF6A59ECEEA76 /* OllamaRefinerTests.swift */ = {isa = PBXFileReference; lastKnownFileType = sourcecode.swift; path = OllamaRefinerTests.swift; sourceTree = "<group>"; };
		B9A728C5C1F5DFB5F4DD303F /* RefinerOllamaView.swift */ = {isa = PBXFileReference; lastKnownFileType = sourcecode.swift; path = RefinerOllamaView.swift; sourceTree = "<group>"; };
		BDC3A4DA1D84200F9B613E3F /* PrefsSection.swift */ = {isa = PBXFileReference; lastKnownFileType = sourcecode.swift; path = PrefsSection.swift; sourceTree = "<group>"; };
		BDC8ADE91AFA6BD9D11E690E /* DefaultVocabulary.swift */ = {isa = PBXFileReference; lastKnownFileType = sourcecode.swift; path = DefaultVocabulary.swift; sourceTree = "<group>"; };
		BDEA894F73814D4A6AA45078 /* CustomStyleEditSheet.swift */ = {isa = PBXFileReference; lastKnownFileType = sourcecode.swift; path = CustomStyleEditSheet.swift; sourceTree = "<group>"; };
		BE5CBBDE375CD9B287356A58 /* MenuBarController.swift */ = {isa = PBXFileReference; lastKnownFileType = sourcecode.swift; path = MenuBarController.swift; sourceTree = "<group>"; };
		C21B6DC47F003BD0D9CF4805 /* KeychainServiceTests.swift */ = {isa = PBXFileReference; lastKnownFileType = sourcecode.swift; path = KeychainServiceTests.swift; sourceTree = "<group>"; };
		C658A1FA765D0031A186BB22 /* RemoteRefinerConfig.swift */ = {isa = PBXFileReference; lastKnownFileType = sourcecode.swift; path = RemoteRefinerConfig.swift; sourceTree = "<group>"; };
		C746B068BBCF245665858B64 /* IdentityRefinerTests.swift */ = {isa = PBXFileReference; lastKnownFileType = sourcecode.swift; path = IdentityRefinerTests.swift; sourceTree = "<group>"; };
		C7EBB86EF951B5C4D72D2C4A /* TextRefiner.swift */ = {isa = PBXFileReference; lastKnownFileType = sourcecode.swift; path = TextRefiner.swift; sourceTree = "<group>"; };
		CDA671BF3E800969A73A8EF5 /* Wordmark.swift */ = {isa = PBXFileReference; lastKnownFileType = sourcecode.swift; path = Wordmark.swift; sourceTree = "<group>"; };
		D09C9789A9548B488C652FF9 /* CustomStyleTests.swift */ = {isa = PBXFileReference; lastKnownFileType = sourcecode.swift; path = CustomStyleTests.swift; sourceTree = "<group>"; };
		D1D55AD4214FB11682E68510 /* StyleProvider.swift */ = {isa = PBXFileReference; lastKnownFileType = sourcecode.swift; path = StyleProvider.swift; sourceTree = "<group>"; };
		D4139BFBDBEB25C8A6F0E730 /* OllamaHealthChecker.swift */ = {isa = PBXFileReference; lastKnownFileType = sourcecode.swift; path = OllamaHealthChecker.swift; sourceTree = "<group>"; };
		D5AAD7252267D4B8F9699DFF /* HistoryStoreNoop.swift */ = {isa = PBXFileReference; lastKnownFileType = sourcecode.swift; path = HistoryStoreNoop.swift; sourceTree = "<group>"; };
		D6F94E64AE4AEE7F0E13BD05 /* ToastKindTests.swift */ = {isa = PBXFileReference; lastKnownFileType = sourcecode.swift; path = ToastKindTests.swift; sourceTree = "<group>"; };
		D935115B6E9C71348D73E53F /* AudioCapturing.swift */ = {isa = PBXFileReference; lastKnownFileType = sourcecode.swift; path = AudioCapturing.swift; sourceTree = "<group>"; };
		DD31E2B52177A74935D9866F /* CustomStyleStore.swift */ = {isa = PBXFileReference; lastKnownFileType = sourcecode.swift; path = CustomStyleStore.swift; sourceTree = "<group>"; };
		DFE9E378E1E9AFBC5ACCCFC0 /* Transcription.swift */ = {isa = PBXFileReference; lastKnownFileType = sourcecode.swift; path = Transcription.swift; sourceTree = "<group>"; };
		E0623A21CF9D908E558777F2 /* OnboardPerms.swift */ = {isa = PBXFileReference; lastKnownFileType = sourcecode.swift; path = OnboardPerms.swift; sourceTree = "<group>"; };
		E229AB7DD897353C67D3F49E /* CustomStyleStoreLive.swift */ = {isa = PBXFileReference; lastKnownFileType = sourcecode.swift; path = CustomStyleStoreLive.swift; sourceTree = "<group>"; };
		E4BE45043CF12FBE67AE1DBD /* WhisperKitTranscriber.swift */ = {isa = PBXFileReference; lastKnownFileType = sourcecode.swift; path = WhisperKitTranscriber.swift; sourceTree = "<group>"; };
		E67AC40A1677F04D206698D8 /* AppState.swift */ = {isa = PBXFileReference; lastKnownFileType = sourcecode.swift; path = AppState.swift; sourceTree = "<group>"; };
		E68546BC2AA01D348444B929 /* RemoteRefinerConfigTests.swift */ = {isa = PBXFileReference; lastKnownFileType = sourcecode.swift; path = RemoteRefinerConfigTests.swift; sourceTree = "<group>"; };
		E9091563F088784340E570DD /* CustomStyleStoreTests.swift */ = {isa = PBXFileReference; lastKnownFileType = sourcecode.swift; path = CustomStyleStoreTests.swift; sourceTree = "<group>"; };
		EA2A3341042C032C2AD90B62 /* PipelineEvent.swift */ = {isa = PBXFileReference; lastKnownFileType = sourcecode.swift; path = PipelineEvent.swift; sourceTree = "<group>"; };
		EA50651B0097577FB6353079 /* RefinerErrorMapperTests.swift */ = {isa = PBXFileReference; lastKnownFileType = sourcecode.swift; path = RefinerErrorMapperTests.swift; sourceTree = "<group>"; };
		EA8D990802149FD51B43EDDE /* CustomStyle.swift */ = {isa = PBXFileReference; lastKnownFileType = sourcecode.swift; path = CustomStyle.swift; sourceTree = "<group>"; };
		F12ABBA517752A7E8B23895F /* Fonts */ = {isa = PBXFileReference; lastKnownFileType = folder; name = Fonts; path = Tagarela/Resources/Fonts; sourceTree = SOURCE_ROOT; };
		F19CDE90411D6A59F7C2922E /* InitialPromptBuilderTests.swift */ = {isa = PBXFileReference; lastKnownFileType = sourcecode.swift; path = InitialPromptBuilderTests.swift; sourceTree = "<group>"; };
		F225C2D8AD43FF9F2BF1BF19 /* CustomStyleStoreNoop.swift */ = {isa = PBXFileReference; lastKnownFileType = sourcecode.swift; path = CustomStyleStoreNoop.swift; sourceTree = "<group>"; };
		F3A0F0B03EE5F5FB89DE08B9 /* PipelineCoordinatorTests.swift */ = {isa = PBXFileReference; lastKnownFileType = sourcecode.swift; path = PipelineCoordinatorTests.swift; sourceTree = "<group>"; };
		F3C8FD6338B566BC92448293 /* HotkeyServiceLive.swift */ = {isa = PBXFileReference; lastKnownFileType = sourcecode.swift; path = HotkeyServiceLive.swift; sourceTree = "<group>"; };
		F536517168E5CD3C9A40C45A /* GeneralView.swift */ = {isa = PBXFileReference; lastKnownFileType = sourcecode.swift; path = GeneralView.swift; sourceTree = "<group>"; };
		F8E2E64D535690D689AED8FC /* StyleSubmenu.swift */ = {isa = PBXFileReference; lastKnownFileType = sourcecode.swift; path = StyleSubmenu.swift; sourceTree = "<group>"; };
		FB42C8602A34F30702013834 /* IndicatorVariant.swift */ = {isa = PBXFileReference; lastKnownFileType = sourcecode.swift; path = IndicatorVariant.swift; sourceTree = "<group>"; };
		FF97A9FF6E8F2B8D5CF07039 /* Hotkey.swift */ = {isa = PBXFileReference; lastKnownFileType = sourcecode.swift; path = Hotkey.swift; sourceTree = "<group>"; };
/* End PBXFileReference section */

/* Begin PBXFrameworksBuildPhase section */
		46BEB3788E30904B0DBB3C2F /* Frameworks */ = {
			isa = PBXFrameworksBuildPhase;
			buildActionMask = 2147483647;
			files = (
				0964F026A977BF3A0908601E /* WhisperKit in Frameworks */,
			);
			runOnlyForDeploymentPostprocessing = 0;
		};
/* End PBXFrameworksBuildPhase section */

/* Begin PBXGroup section */
		090FB7B260CCDD4877771BF4 /* Audio */ = {
			isa = PBXGroup;
			children = (
				7C1B5B143C23ACACE0B19BC6 /* AudioCaptureLive.swift */,
				D935115B6E9C71348D73E53F /* AudioCapturing.swift */,
			);
			path = Audio;
			sourceTree = "<group>";
		};
		192A02F4521ED322A7AF76DB /* History */ = {
			isa = PBXGroup;
			children = (
				8725E91CBBF02586037271E2 /* HistoryStore.swift */,
				34D03471F0F19E467A741ED6 /* HistoryStoreLive.swift */,
				D5AAD7252267D4B8F9699DFF /* HistoryStoreNoop.swift */,
				DFE9E378E1E9AFBC5ACCCFC0 /* Transcription.swift */,
			);
			path = History;
			sourceTree = "<group>";
		};
		1FE15FB7BCC5FEC92587317D /* Onboarding */ = {
			isa = PBXGroup;
			children = (
				7BD3F6E32DEE6D02B932E861 /* OnboardingCoordinator.swift */,
				A71F1880249798ECC971911D /* OnboardingWindow.swift */,
				7123EDA993F7879F2D0F4FA3 /* OnboardModel.swift */,
				E0623A21CF9D908E558777F2 /* OnboardPerms.swift */,
				AED216601F513596143B776B /* OnboardWelcome.swift */,
				135434B5A422DE2340594BB5 /* OpenAIKeyPromptWindow.swift */,
			);
			path = Onboarding;
			sourceTree = "<group>";
		};
		30C55688B7DE3A7E034C4BC5 /* Pipeline */ = {
			isa = PBXGroup;
			children = (
				AC56152B24C02BAFC8827300 /* PipelineCoordinator.swift */,
				EA2A3341042C032C2AD90B62 /* PipelineEvent.swift */,
			);
			path = Pipeline;
			sourceTree = "<group>";
		};
		31E22EF9247B7A4DB7C7A45E /* Permissions */ = {
			isa = PBXGroup;
			children = (
				7FE94C85AFDD672AB2EF4F97 /* PermissionKind.swift */,
				86440E3E743253F4C26F8451 /* PermissionService.swift */,
				827CCE37EBEA134265121AF8 /* PermissionServiceLive.swift */,
				62EFB96895497806042A4427 /* PermissionStatus.swift */,
			);
			path = Permissions;
			sourceTree = "<group>";
		};
		32BCB3668EF809B9D27A14B8 /* Sheets */ = {
			isa = PBXGroup;
			children = (
				BDEA894F73814D4A6AA45078 /* CustomStyleEditSheet.swift */,
			);
			path = Sheets;
			sourceTree = "<group>";
		};
		354D97B585EB0B7653529704 /* Transcription */ = {
			isa = PBXGroup;
			children = (
				9C606257E45AEAEF6FBA17FF /* InitialPromptBuilder.swift */,
				82624846B13D44387F031C84 /* Transcribing.swift */,
				E4BE45043CF12FBE67AE1DBD /* WhisperKitTranscriber.swift */,
			);
			path = Transcription;
			sourceTree = "<group>";
		};
		3648103099697E1F0F557931 /* Tagarela */ = {
			isa = PBXGroup;
			children = (
				5B3C1B19F65831AB444357F0 /* App */,
				090FB7B260CCDD4877771BF4 /* Audio */,
				AC88C4F80E1C6AB5EF50A76D /* Design */,
				192A02F4521ED322A7AF76DB /* History */,
				5EA866A18A5D59259B0C9DC4 /* Hotkey */,
				C2105236DFB1B2988688B3F4 /* Injection */,
				EC02A19E2C196B33EA8A224B /* Localization */,
				31E22EF9247B7A4DB7C7A45E /* Permissions */,
				30C55688B7DE3A7E034C4BC5 /* Pipeline */,
				AF5C101E031F4DC3DE11882C /* Preferences */,
				C4E4C198F3C8CE21386EDC8D /* Refiner */,
				7D9C65CCF71A21580CA854AC /* Resources */,
				354D97B585EB0B7653529704 /* Transcription */,
				F5F338E02072629502C9D805 /* UI */,
			);
			path = Tagarela;
			sourceTree = "<group>";
		};
		42E6ED781F6A168E03C6BEEF /* Products */ = {
			isa = PBXGroup;
			children = (
				885C3426FB83B9F0218878A7 /* Tagarela.app */,
				727AD7A472BE6C196EAA6002 /* TagarelaTests.xctest */,
			);
			name = Products;
			sourceTree = "<group>";
		};
		439BA567F6723A14212A2217 /* TagarelaTests */ = {
			isa = PBXGroup;
			children = (
				975BF2C05404881F02AF2DA1 /* Helpers */,
				E9091563F088784340E570DD /* CustomStyleStoreTests.swift */,
				D09C9789A9548B488C652FF9 /* CustomStyleTests.swift */,
				8E95BE6F37BB77AB9308F1BF /* HistoryStoreTests.swift */,
				546B9E9134BAAF0569059D02 /* HotkeyTests.swift */,
				C746B068BBCF245665858B64 /* IdentityRefinerTests.swift */,
				063767F145310C13CC9F3BD3 /* IndicatorVariantTests.swift */,
				F19CDE90411D6A59F7C2922E /* InitialPromptBuilderTests.swift */,
				A8CECA9E4C80A61C089E6870 /* InjectorTests.swift */,
				C21B6DC47F003BD0D9CF4805 /* KeychainServiceTests.swift */,
				139D12A4A1889934F103A9B1 /* LocalizableKeysTests.swift */,
				7C0042114A72579FA30507A0 /* OllamaModelListerTests.swift */,
				B78197C597CBF6A59ECEEA76 /* OllamaRefinerTests.swift */,
				AE27CF1064741F7D47CA0DCB /* OpenAIEndpointTests.swift */,
				63E0CA135AF061EB8FA4E4A2 /* OpenAIRefinerTests.swift */,
				B38D1EC0BE929E9255E6D405 /* PermissionServiceTests.swift */,
				F3A0F0B03EE5F5FB89DE08B9 /* PipelineCoordinatorTests.swift */,
				09A9046134AA822B8003E250 /* PreferencesStoreTests.swift */,
				EA50651B0097577FB6353079 /* RefinerErrorMapperTests.swift */,
				08409FB81EE882100E04E4CF /* RefinerFactoryTests.swift */,
				000437DA8749B2E09CBA9DC3 /* RefinerFallbackReasonTests.swift */,
				E68546BC2AA01D348444B929 /* RemoteRefinerConfigTests.swift */,
				85CFBE0BCC471B3A68F474EC /* StyleProviderTests.swift */,
				8E9B177C502566925C655290 /* StyleTests.swift */,
				16D36018E93C09CC0C61C99B /* ToastCenterTests.swift */,
				D6F94E64AE4AEE7F0E13BD05 /* ToastKindTests.swift */,
				3ED9DDFE385D1F49BF9DC9B6 /* TokenCounterTests.swift */,
			);
			path = TagarelaTests;
			sourceTree = "<group>";
		};
		512B008C32E02EC63AA3F750 /* Indicator */ = {
			isa = PBXGroup;
			children = (
				265CDA7DE0CCADB7E45F98EA /* FloatingIndicatorPanel.swift */,
				1E6F51C94A5B358ED2DB0CBD /* IndicatorPill.swift */,
				49BDA8305F7FB0B1951CEEE0 /* IndicatorView.swift */,
				33F19FE89DB89426AFE260B8 /* WaveBars.swift */,
			);
			path = Indicator;
			sourceTree = "<group>";
		};
		5B3C1B19F65831AB444357F0 /* App */ = {
			isa = PBXGroup;
			children = (
				A1A68A34868B4B17F0CD95D4 /* AppContainer.swift */,
				E67AC40A1677F04D206698D8 /* AppState.swift */,
				8C20EC8B0FE33918F8535AA0 /* PreferencesWindow.swift */,
				6AA232DBB32229FCAA0AC660 /* TagarelaApp.swift */,
			);
			path = App;
			sourceTree = "<group>";
		};
		5EA866A18A5D59259B0C9DC4 /* Hotkey */ = {
			isa = PBXGroup;
			children = (
				FF97A9FF6E8F2B8D5CF07039 /* Hotkey.swift */,
				48A38EEE3C74B26A58569FDF /* HotkeyService.swift */,
				F3C8FD6338B566BC92448293 /* HotkeyServiceLive.swift */,
			);
			path = Hotkey;
			sourceTree = "<group>";
		};
		74B774DA6C4E46BF70A58CD2 = {
			isa = PBXGroup;
			children = (
				3648103099697E1F0F557931 /* Tagarela */,
				439BA567F6723A14212A2217 /* TagarelaTests */,
				42E6ED781F6A168E03C6BEEF /* Products */,
			);
			sourceTree = "<group>";
		};
		7AC4672A883EAC46F5992C3C /* UI */ = {
			isa = PBXGroup;
			children = (
				C73D819D11B785EE551E3547 /* Sections */,
				32BCB3668EF809B9D27A14B8 /* Sheets */,
				A9781872A9FDF110CC55173A /* PreferencesRoot.swift */,
				BDC3A4DA1D84200F9B613E3F /* PrefsSection.swift */,
			);
			path = UI;
			sourceTree = "<group>";
		};
		7D9C65CCF71A21580CA854AC /* Resources */ = {
			isa = PBXGroup;
			children = (
				0B2194D608A5F68AEE4F7C69 /* Assets.xcassets */,
				BDC8ADE91AFA6BD9D11E690E /* DefaultVocabulary.swift */,
				F12ABBA517752A7E8B23895F /* Fonts */,
			);
			path = Resources;
			sourceTree = "<group>";
		};
		975BF2C05404881F02AF2DA1 /* Helpers */ = {
			isa = PBXGroup;
			children = (
				98EA5F8C9B6070B2A26F569E /* MockURLProtocol.swift */,
			);
			path = Helpers;
			sourceTree = "<group>";
		};
		9F7079F25CFE3ADBA0D4B73A /* MenuBar */ = {
			isa = PBXGroup;
			children = (
				4084B44A2E36CF14BE64862A /* BackendSubmenu.swift */,
				BE5CBBDE375CD9B287356A58 /* MenuBarController.swift */,
				6FD5358613FA8CC6BD09D9F5 /* StateRow.swift */,
				F8E2E64D535690D689AED8FC /* StyleSubmenu.swift */,
			);
			path = MenuBar;
			sourceTree = "<group>";
		};
		AC88C4F80E1C6AB5EF50A76D /* Design */ = {
			isa = PBXGroup;
			children = (
				92947106E01306287DDA490B /* DesignSystem.swift */,
				64EB8767875513C5CBD96EB7 /* Glyph.swift */,
				CDA671BF3E800969A73A8EF5 /* Wordmark.swift */,
			);
			path = Design;
			sourceTree = "<group>";
		};
		AF5C101E031F4DC3DE11882C /* Preferences */ = {
			isa = PBXGroup;
			children = (
				7AC4672A883EAC46F5992C3C /* UI */,
				FB42C8602A34F30702013834 /* IndicatorVariant.swift */,
				4DB6FB551445042E1DC287A5 /* KeychainService.swift */,
				933F8BE4128CA4B4939F9886 /* KeychainServiceLive.swift */,
				7B1FA7FFEA9114C2D12839AC /* Preferences+Defaults.swift */,
				AF4E1ACFB5000E98F5B03733 /* PreferencesStore.swift */,
			);
			path = Preferences;
			sourceTree = "<group>";
		};
		C2105236DFB1B2988688B3F4 /* Injection */ = {
			isa = PBXGroup;
			children = (
				5ECDA19A878F5C9B2C87A95C /* Injecting.swift */,
				1E3AF30F1AE5DEAA3522590D /* InjectorLive.swift */,
			);
			path = Injection;
			sourceTree = "<group>";
		};
		C4E4C198F3C8CE21386EDC8D /* Refiner */ = {
			isa = PBXGroup;
			children = (
				A59F19659834D5E938C47A07 /* BaseRemoteRefiner.swift */,
				4957C5587E1637BDC0A791B8 /* BuiltInStyles.swift */,
				EA8D990802149FD51B43EDDE /* CustomStyle.swift */,
				DD31E2B52177A74935D9866F /* CustomStyleStore.swift */,
				E229AB7DD897353C67D3F49E /* CustomStyleStoreLive.swift */,
				F225C2D8AD43FF9F2BF1BF19 /* CustomStyleStoreNoop.swift */,
				89E2D30E8BD941C39FE3D792 /* IdentityRefiner.swift */,
				D4139BFBDBEB25C8A6F0E730 /* OllamaHealthChecker.swift */,
				845129F4E9D16A1A7E620CF0 /* OllamaModelLister.swift */,
				9D90CEE589F6BACD48866A3C /* OllamaRefiner.swift */,
				7B1F1FCA91D0C01F7247F1C3 /* OpenAIEndpoint.swift */,
				7F54A24A7539461F01EA2BC7 /* OpenAIRefiner.swift */,
				4BEFD414690FBE88FE9E33AF /* RefinerError.swift */,
				A4B465BEE19AB4757FF27B58 /* RefinerErrorMapper.swift */,
				8642522EEA745BE571EDCCC5 /* RefinerFactory.swift */,
				C658A1FA765D0031A186BB22 /* RemoteRefinerConfig.swift */,
				A539AA5E429530984A675838 /* Style.swift */,
				D1D55AD4214FB11682E68510 /* StyleProvider.swift */,
				C7EBB86EF951B5C4D72D2C4A /* TextRefiner.swift */,
				6D403F8BAFCB53E3F2460AF6 /* TokenCounter.swift */,
			);
			path = Refiner;
			sourceTree = "<group>";
		};
		C73D819D11B785EE551E3547 /* Sections */ = {
			isa = PBXGroup;
			children = (
				0A79C17F908D069616F31938 /* AudioView.swift */,
				F536517168E5CD3C9A40C45A /* GeneralView.swift */,
				511F4D98C36FD5B80FE7CAD7 /* HistoryView.swift */,
				81CFABCF169C821D63F99C15 /* RefinerGeneralView.swift */,
				B9A728C5C1F5DFB5F4DD303F /* RefinerOllamaView.swift */,
				79FC0A41CA3D1963B33D77BF /* RefinerOpenAIView.swift */,
				0F959F346FC72FDBA5B0A3C0 /* ShortcutsView.swift */,
				940E761FB8E1DC02E2A12840 /* StylesView.swift */,
				620E904B00271823AADE56B9 /* VocabularyView.swift */,
			);
			path = Sections;
			sourceTree = "<group>";
		};
		DAEFF3A347CEBE34AB0E42C3 /* Toast */ = {
			isa = PBXGroup;
			children = (
				72D87FE39418F9229E42065B /* Toast.swift */,
				4CA8407C5F4A3FCEEA500C5B /* ToastCenter.swift */,
				AC6021940DB203F4703C9623 /* ToastKind.swift */,
				3B24E50595A03018A6EACB7C /* ToastView.swift */,
			);
			path = Toast;
			sourceTree = "<group>";
		};
		EC02A19E2C196B33EA8A224B /* Localization */ = {
			isa = PBXGroup;
			children = (
				D38647B7FE551CF75D0C0D04 /* Localizable.strings */,
			);
			path = Localization;
			sourceTree = "<group>";
		};
		F5F338E02072629502C9D805 /* UI */ = {
			isa = PBXGroup;
			children = (
				512B008C32E02EC63AA3F750 /* Indicator */,
				9F7079F25CFE3ADBA0D4B73A /* MenuBar */,
				1FE15FB7BCC5FEC92587317D /* Onboarding */,
				DAEFF3A347CEBE34AB0E42C3 /* Toast */,
			);
			path = UI;
			sourceTree = "<group>";
		};
/* End PBXGroup section */

/* Begin PBXNativeTarget section */
		4811A863A532FBCD0DA04120 /* TagarelaTests */ = {
			isa = PBXNativeTarget;
			buildConfigurationList = DA4BB78DF1A6BA2DA40A27ED /* Build configuration list for PBXNativeTarget "TagarelaTests" */;
			buildPhases = (
				BC78BC25B4CBC08CD0D17756 /* Sources */,
			);
			buildRules = (
			);
			dependencies = (
				4131E8E88624023EAAA73EE7 /* PBXTargetDependency */,
			);
			name = TagarelaTests;
			packageProductDependencies = (
			);
			productName = TagarelaTests;
			productReference = 727AD7A472BE6C196EAA6002 /* TagarelaTests.xctest */;
			productType = "com.apple.product-type.bundle.unit-test";
		};
		715677D834111BC04FF17146 /* Tagarela */ = {
			isa = PBXNativeTarget;
			buildConfigurationList = 7E799A4303B8B51AC2BF7CF2 /* Build configuration list for PBXNativeTarget "Tagarela" */;
			buildPhases = (
				76EAAA64F7260B6E48E6B46F /* Sources */,
				F551D526B7AB8965C69D84ED /* Resources */,
				46BEB3788E30904B0DBB3C2F /* Frameworks */,
			);
			buildRules = (
			);
			dependencies = (
			);
			name = Tagarela;
			packageProductDependencies = (
				8D6A99642A3EA77F647F3C1E /* WhisperKit */,
			);
			productName = Tagarela;
			productReference = 885C3426FB83B9F0218878A7 /* Tagarela.app */;
			productType = "com.apple.product-type.application";
		};
/* End PBXNativeTarget section */

/* Begin PBXProject section */
		121CAA2F3752A009A7BEB1F6 /* Project object */ = {
			isa = PBXProject;
			attributes = {
				BuildIndependentTargetsInParallel = YES;
				LastUpgradeCheck = 1540;
				TargetAttributes = {
					4811A863A532FBCD0DA04120 = {
						DevelopmentTeam = BCM26K6YNA;
						ProvisioningStyle = Manual;
					};
					715677D834111BC04FF17146 = {
						DevelopmentTeam = BCM26K6YNA;
						ProvisioningStyle = Manual;
					};
				};
			};
			buildConfigurationList = 3EA350756AC41A0A392CF2BC /* Build configuration list for PBXProject "Tagarela" */;
			developmentRegion = "pt-BR";
			hasScannedForEncodings = 0;
			knownRegions = (
				Base,
				"pt-BR",
			);
			mainGroup = 74B774DA6C4E46BF70A58CD2;
			minimizedProjectReferenceProxies = 1;
			packageReferences = (
				9C120ED6D13C558C16BCAE12 /* XCRemoteSwiftPackageReference "WhisperKit" */,
			);
			preferredProjectObjectVersion = 77;
			productRefGroup = 42E6ED781F6A168E03C6BEEF /* Products */;
			projectDirPath = "";
			projectRoot = "";
			targets = (
				715677D834111BC04FF17146 /* Tagarela */,
				4811A863A532FBCD0DA04120 /* TagarelaTests */,
			);
		};
/* End PBXProject section */

/* Begin PBXResourcesBuildPhase section */
		F551D526B7AB8965C69D84ED /* Resources */ = {
			isa = PBXResourcesBuildPhase;
			buildActionMask = 2147483647;
			files = (
				D44AC44AFA2D08CC9A8111F5 /* Assets.xcassets in Resources */,
				9A2E1526631AFFE17EE3BDE4 /* Fonts in Resources */,
				3299D0D234F2D399EF5F990F /* Localizable.strings in Resources */,
			);
			runOnlyForDeploymentPostprocessing = 0;
		};
/* End PBXResourcesBuildPhase section */

/* Begin PBXSourcesBuildPhase section */
		76EAAA64F7260B6E48E6B46F /* Sources */ = {
			isa = PBXSourcesBuildPhase;
			buildActionMask = 2147483647;
			files = (
				B921AB0B66E9A5FBEC9EBFD1 /* AppContainer.swift in Sources */,
				A723F99CF516D9C1904D9B08 /* AppState.swift in Sources */,
				0779F6BEB11DF02D3334B344 /* AudioCaptureLive.swift in Sources */,
				758D7A361EA11C3E32E36E8A /* AudioCapturing.swift in Sources */,
				0BBF76167A8FB6E4A7630DD6 /* AudioView.swift in Sources */,
				E681CDA890AA16DEDECB9DD7 /* BackendSubmenu.swift in Sources */,
				2D97B18192853DDAD3D9B1BA /* BaseRemoteRefiner.swift in Sources */,
				839B15FF698B8066B9A10B85 /* BuiltInStyles.swift in Sources */,
				E7AE5C3DFF90448A85AE1456 /* CustomStyle.swift in Sources */,
				D7813EF2C32E29BBEF8E8FC9 /* CustomStyleEditSheet.swift in Sources */,
				F4CFA2E3B88D0CFA2DA1A068 /* CustomStyleStore.swift in Sources */,
				D01132A4843AAD504C18AC1A /* CustomStyleStoreLive.swift in Sources */,
				2BBF8EC6FCFEC7A3A6078C11 /* CustomStyleStoreNoop.swift in Sources */,
				32C9E0DC25051DCB371D8041 /* DefaultVocabulary.swift in Sources */,
				0625471C404A22DE5A3040A3 /* DesignSystem.swift in Sources */,
				56622911FD63010B500D90B0 /* FloatingIndicatorPanel.swift in Sources */,
				4F9D601711CA76ED279BC01C /* GeneralView.swift in Sources */,
				F8FBCE0B00B117991617F4EB /* Glyph.swift in Sources */,
				84A4E93B1409094CB19E37D8 /* HistoryStore.swift in Sources */,
				B92A18A74D93A4A5C057A5EF /* HistoryStoreLive.swift in Sources */,
				D4777567135F37A0CAF1FA00 /* HistoryStoreNoop.swift in Sources */,
				A622AB16F4344E1910C0D5DD /* HistoryView.swift in Sources */,
				325F4003CED9799250EB2986 /* Hotkey.swift in Sources */,
				7906156A7FDCB39A8CD1EEF2 /* HotkeyService.swift in Sources */,
				053FC805D48C1A035DA6C789 /* HotkeyServiceLive.swift in Sources */,
				E132445401CE971C386D1610 /* IdentityRefiner.swift in Sources */,
				EFAA73358DCF48C1C1037FD8 /* IndicatorPill.swift in Sources */,
				2DBE80BCCCB172430BD8372A /* IndicatorVariant.swift in Sources */,
				CD66B2474777413B2261DF12 /* IndicatorView.swift in Sources */,
				8361DB813F9EC5BBB72B5B8D /* InitialPromptBuilder.swift in Sources */,
				933E4CECF756C21D0060CEF9 /* Injecting.swift in Sources */,
				2B919407065D87FB44E9485B /* InjectorLive.swift in Sources */,
				33A946A20B32ADDDD2037F0E /* KeychainService.swift in Sources */,
				A6955A296E4ED3004CA4F619 /* KeychainServiceLive.swift in Sources */,
				017F3DE520AC6BCA0882BF02 /* MenuBarController.swift in Sources */,
				51A8AB80127108D2D3F8A704 /* OllamaHealthChecker.swift in Sources */,
				305B2F27198873224FF54CDD /* OllamaModelLister.swift in Sources */,
				A21A1735B956842C18084FB7 /* OllamaRefiner.swift in Sources */,
				29AE01905EAC0648F69BBE3E /* OnboardModel.swift in Sources */,
				327A5BAAF5D214FF4EE829B2 /* OnboardPerms.swift in Sources */,
				83CFA88301F2CAAEDD3F881C /* OnboardWelcome.swift in Sources */,
				05737F2F488BA8F60A638502 /* OnboardingCoordinator.swift in Sources */,
				9BECA633DC1B68388B63CCB9 /* OnboardingWindow.swift in Sources */,
				633DC8F03A720A10B472A412 /* OpenAIEndpoint.swift in Sources */,
				1C73D490F7F8111D44B38DD9 /* OpenAIKeyPromptWindow.swift in Sources */,
				3CF0EFD18A8C1833C0F2C68F /* OpenAIRefiner.swift in Sources */,
				4824F90EF3DE77D4BC61EC05 /* PermissionKind.swift in Sources */,
				48E8B9B735C1CC22695F3F2F /* PermissionService.swift in Sources */,
				C92FA6C50DD3D346C24C940A /* PermissionServiceLive.swift in Sources */,
				58A935E47E4EADFB2381E629 /* PermissionStatus.swift in Sources */,
				E8924FEF4C5A1C399E37858D /* PipelineCoordinator.swift in Sources */,
				762BF631DAB5A7E717F0401E /* PipelineEvent.swift in Sources */,
				2B7F14B658D2BAFB03ADD4ED /* Preferences+Defaults.swift in Sources */,
				11AF31E74141C1B53A1DF858 /* PreferencesRoot.swift in Sources */,
				E80BA1C6085B483D0F6E92DA /* PreferencesStore.swift in Sources */,
				922E00F82EACAD018FD8EF4D /* PreferencesWindow.swift in Sources */,
				87DC949110EC521E9AB71D47 /* PrefsSection.swift in Sources */,
				84F54E14BCFD60F0E854ECB3 /* RefinerError.swift in Sources */,
				D6011D4EA9B97BB8CD07EFE1 /* RefinerErrorMapper.swift in Sources */,
				8BFAF3788331C033B5F8EC16 /* RefinerFactory.swift in Sources */,
				D17082E0C1E2EE94E2E10C20 /* RefinerGeneralView.swift in Sources */,
				6A9EB8E08A71F8CE5E515E78 /* RefinerOllamaView.swift in Sources */,
				CE4AAD082C51712AA9D3CD4A /* RefinerOpenAIView.swift in Sources */,
				F11CF8F05C71CAC179EAEA5D /* RemoteRefinerConfig.swift in Sources */,
				297819BA5A957F06C5FE0F1F /* ShortcutsView.swift in Sources */,
				9B791DDD20F7F9797B8BCF92 /* StateRow.swift in Sources */,
				D3B91FA9784977324C183175 /* Style.swift in Sources */,
				D1A93967CD63EEA29E690078 /* StyleProvider.swift in Sources */,
				3B18FD726E3947F06D8D1F30 /* StyleSubmenu.swift in Sources */,
				2FA05A3DC8AD89F7ADC2BB22 /* StylesView.swift in Sources */,
				8DB6F64CD8DA02B106FCAB21 /* TagarelaApp.swift in Sources */,
				5F893074B312F218A17C07D7 /* TextRefiner.swift in Sources */,
				1ACA4D266E12D45EDAB6DE18 /* Toast.swift in Sources */,
				1ED4C51A07338B23B42078E4 /* ToastCenter.swift in Sources */,
				4692961AE3F053121202C809 /* ToastKind.swift in Sources */,
				02B791183CD66E9D1009260B /* ToastView.swift in Sources */,
				3A8FDD7D2A62358C77D79CD5 /* TokenCounter.swift in Sources */,
				7CFB0DDDA053BAAF6A2A90F6 /* Transcribing.swift in Sources */,
				7E89DE5BC85C3CA9311DFDDD /* Transcription.swift in Sources */,
				EEF5EEA71C7F9BE724013700 /* VocabularyView.swift in Sources */,
				E9170EE724922DBBB50D166D /* WaveBars.swift in Sources */,
				C089BEDAD880AE8AE873E943 /* WhisperKitTranscriber.swift in Sources */,
				B6AC8D77746DD364C1D83E4A /* Wordmark.swift in Sources */,
			);
			runOnlyForDeploymentPostprocessing = 0;
		};
		BC78BC25B4CBC08CD0D17756 /* Sources */ = {
			isa = PBXSourcesBuildPhase;
			buildActionMask = 2147483647;
			files = (
				5347C7CDE75356338A218F1A /* CustomStyleStoreTests.swift in Sources */,
				4EF88190CF8123AF3D9D9BF6 /* CustomStyleTests.swift in Sources */,
				40BF54990CABDC54B6F1C490 /* HistoryStoreTests.swift in Sources */,
				924C7046FF921B54AFD98EC4 /* HotkeyTests.swift in Sources */,
				89A04ABA6F671B1B26204D1E /* IdentityRefinerTests.swift in Sources */,
				64FF3B483E6076BE62FC790B /* IndicatorVariantTests.swift in Sources */,
				9C7A7C970C0AB62B1B07040E /* InitialPromptBuilderTests.swift in Sources */,
				907E2E4EBC4A1C27D3448DB5 /* InjectorTests.swift in Sources */,
				600F7E9BA8B277A85D19AC27 /* KeychainServiceTests.swift in Sources */,
				64328B8FE1C0814A55FC386C /* LocalizableKeysTests.swift in Sources */,
				143F5921AB16B24888C3404C /* MockURLProtocol.swift in Sources */,
				6C2A5C8479021CA37009A06F /* OllamaModelListerTests.swift in Sources */,
				D4257FEC403C6F3EEFB5D4DB /* OllamaRefinerTests.swift in Sources */,
				D6CA20473667604E696778CF /* OpenAIEndpointTests.swift in Sources */,
				A4D31BE7970D1374AAA35D2D /* OpenAIRefinerTests.swift in Sources */,
				50C6384D0A9534712D2DF346 /* PermissionServiceTests.swift in Sources */,
				3D3BA1DE80B62401CDA1813B /* PipelineCoordinatorTests.swift in Sources */,
				2A3C2873638E4A39E896CD0C /* PreferencesStoreTests.swift in Sources */,
				D184234EF281996B98B43E86 /* RefinerErrorMapperTests.swift in Sources */,
				BD64F87722132F46B9A177A1 /* RefinerFactoryTests.swift in Sources */,
				4EF650A9698551F6B9D9497D /* RefinerFallbackReasonTests.swift in Sources */,
				81323C2BE4C6733126B398E0 /* RemoteRefinerConfigTests.swift in Sources */,
				49B0A36CF4734B4B42AD0B42 /* StyleProviderTests.swift in Sources */,
				8FECD110F77CE391093D0C4E /* StyleTests.swift in Sources */,
				EFA552262CE858E2BA967417 /* ToastCenterTests.swift in Sources */,
				8B5B76C613FDAAFC9743785F /* ToastKindTests.swift in Sources */,
				9D3DBD5FA1E5D9A56E91B893 /* TokenCounterTests.swift in Sources */,
			);
			runOnlyForDeploymentPostprocessing = 0;
		};
/* End PBXSourcesBuildPhase section */

/* Begin PBXTargetDependency section */
		4131E8E88624023EAAA73EE7 /* PBXTargetDependency */ = {
			isa = PBXTargetDependency;
			target = 715677D834111BC04FF17146 /* Tagarela */;
			targetProxy = ED17C0C9293BCA0629C33DA6 /* PBXContainerItemProxy */;
		};
/* End PBXTargetDependency section */

/* Begin PBXVariantGroup section */
		D38647B7FE551CF75D0C0D04 /* Localizable.strings */ = {
			isa = PBXVariantGroup;
			children = (
				2FC6EF683588FB78503E090B /* pt-BR */,
			);
			name = Localizable.strings;
			sourceTree = "<group>";
		};
/* End PBXVariantGroup section */

/* Begin XCBuildConfiguration section */
		119899E53EABE37EE3B92225 /* Release */ = {
			isa = XCBuildConfiguration;
			buildSettings = {
				BUNDLE_LOADER = "$(TEST_HOST)";
				CODE_SIGN_IDENTITY = 78C7C6375957D553AD632832D0821B446F53D0F3;
				CODE_SIGN_STYLE = Manual;
				COMBINE_HIDPI_IMAGES = YES;
				DEVELOPMENT_TEAM = BCM26K6YNA;
				INFOPLIST_FILE = TagarelaTests/Info.plist;
				LD_RUNPATH_SEARCH_PATHS = (
					"$(inherited)",
					"@executable_path/../Frameworks",
					"@loader_path/../Frameworks",
				);
				PRODUCT_BUNDLE_IDENTIFIER = com.tagarela.TagarelaTests;
				PROVISIONING_PROFILE_SPECIFIER = "";
				SDKROOT = macosx;
				TEST_HOST = "$(BUILT_PRODUCTS_DIR)/Tagarela.app/Contents/MacOS/Tagarela";
			};
			name = Release;
		};
		1E584B7406F5252E5A777F1C /* Release */ = {
			isa = XCBuildConfiguration;
			buildSettings = {
				ALWAYS_SEARCH_USER_PATHS = NO;
				CLANG_ANALYZER_NONNULL = YES;
				CLANG_ANALYZER_NUMBER_OBJECT_CONVERSION = YES_AGGRESSIVE;
				CLANG_CXX_LANGUAGE_STANDARD = "gnu++20";
				CLANG_CXX_LIBRARY = "libc++";
				CLANG_ENABLE_MODULES = YES;
				CLANG_ENABLE_OBJC_ARC = YES;
				CLANG_ENABLE_OBJC_WEAK = YES;
				CLANG_WARN_BLOCK_CAPTURE_AUTORELEASING = YES;
				CLANG_WARN_BOOL_CONVERSION = YES;
				CLANG_WARN_COMMA = YES;
				CLANG_WARN_CONSTANT_CONVERSION = YES;
				CLANG_WARN_DEPRECATED_OBJC_IMPLEMENTATIONS = YES;
				CLANG_WARN_DIRECT_OBJC_ISA_USAGE = YES_ERROR;
				CLANG_WARN_DOCUMENTATION_COMMENTS = YES;
				CLANG_WARN_EMPTY_BODY = YES;
				CLANG_WARN_ENUM_CONVERSION = YES;
				CLANG_WARN_INFINITE_RECURSION = YES;
				CLANG_WARN_INT_CONVERSION = YES;
				CLANG_WARN_NON_LITERAL_NULL_CONVERSION = YES;
				CLANG_WARN_OBJC_IMPLICIT_RETAIN_SELF = YES;
				CLANG_WARN_OBJC_LITERAL_CONVERSION = YES;
				CLANG_WARN_OBJC_ROOT_CLASS = YES_ERROR;
				CLANG_WARN_QUOTED_INCLUDE_IN_FRAMEWORK_HEADER = YES;
				CLANG_WARN_RANGE_LOOP_ANALYSIS = YES;
				CLANG_WARN_STRICT_PROTOTYPES = YES;
				CLANG_WARN_SUSPICIOUS_MOVE = YES;
				CLANG_WARN_UNGUARDED_AVAILABILITY = YES_AGGRESSIVE;
				CLANG_WARN_UNREACHABLE_CODE = YES;
				CLANG_WARN__DUPLICATE_METHOD_MATCH = YES;
				COPY_PHASE_STRIP = NO;
				CURRENT_PROJECT_VERSION = 1;
				DEAD_CODE_STRIPPING = YES;
				DEBUG_INFORMATION_FORMAT = "dwarf-with-dsym";
				ENABLE_HARDENED_RUNTIME = YES;
				ENABLE_NS_ASSERTIONS = NO;
				ENABLE_STRICT_OBJC_MSGSEND = YES;
				ENABLE_USER_SCRIPT_SANDBOXING = YES;
				GCC_C_LANGUAGE_STANDARD = gnu17;
				GCC_NO_COMMON_BLOCKS = YES;
				GCC_WARN_64_TO_32_BIT_CONVERSION = YES;
				GCC_WARN_ABOUT_RETURN_TYPE = YES_ERROR;
				GCC_WARN_UNDECLARED_SELECTOR = YES;
				GCC_WARN_UNINITIALIZED_AUTOS = YES_AGGRESSIVE;
				GCC_WARN_UNUSED_FUNCTION = YES;
				GCC_WARN_UNUSED_VARIABLE = YES;
				MACOSX_DEPLOYMENT_TARGET = 14.0;
				MARKETING_VERSION = 1.0.0;
				MTL_ENABLE_DEBUG_INFO = NO;
				MTL_FAST_MATH = YES;
				PRODUCT_NAME = "$(TARGET_NAME)";
				SDKROOT = macosx;
				SWIFT_COMPILATION_MODE = wholemodule;
				SWIFT_OPTIMIZATION_LEVEL = "-O";
				SWIFT_STRICT_CONCURRENCY = complete;
				SWIFT_VERSION = 5.10;
			};
			name = Release;
		};
		55C9DEB719C66765CC3779A2 /* Release */ = {
			isa = XCBuildConfiguration;
			buildSettings = {
				ASSETCATALOG_COMPILER_APPICON_NAME = AppIcon;
				CODE_SIGN_ENTITLEMENTS = Tagarela/Resources/Tagarela.entitlements;
				CODE_SIGN_IDENTITY = 78C7C6375957D553AD632832D0821B446F53D0F3;
				CODE_SIGN_STYLE = Manual;
				COMBINE_HIDPI_IMAGES = YES;
				DEVELOPMENT_TEAM = BCM26K6YNA;
				ENABLE_PREVIEWS = YES;
				INFOPLIST_FILE = Tagarela/Resources/Info.plist;
				LD_RUNPATH_SEARCH_PATHS = "$(inherited) @executable_path/../Frameworks";
				PRODUCT_BUNDLE_IDENTIFIER = com.tagarela.Tagarela;
				PROVISIONING_PROFILE_SPECIFIER = "";
				SDKROOT = macosx;
			};
			name = Release;
		};
		5B99150D5C402C578DC22430 /* Debug */ = {
			isa = XCBuildConfiguration;
			buildSettings = {
				ALWAYS_SEARCH_USER_PATHS = NO;
				CLANG_ANALYZER_NONNULL = YES;
				CLANG_ANALYZER_NUMBER_OBJECT_CONVERSION = YES_AGGRESSIVE;
				CLANG_CXX_LANGUAGE_STANDARD = "gnu++20";
				CLANG_CXX_LIBRARY = "libc++";
				CLANG_ENABLE_MODULES = YES;
				CLANG_ENABLE_OBJC_ARC = YES;
				CLANG_ENABLE_OBJC_WEAK = YES;
				CLANG_WARN_BLOCK_CAPTURE_AUTORELEASING = YES;
				CLANG_WARN_BOOL_CONVERSION = YES;
				CLANG_WARN_COMMA = YES;
				CLANG_WARN_CONSTANT_CONVERSION = YES;
				CLANG_WARN_DEPRECATED_OBJC_IMPLEMENTATIONS = YES;
				CLANG_WARN_DIRECT_OBJC_ISA_USAGE = YES_ERROR;
				CLANG_WARN_DOCUMENTATION_COMMENTS = YES;
				CLANG_WARN_EMPTY_BODY = YES;
				CLANG_WARN_ENUM_CONVERSION = YES;
				CLANG_WARN_INFINITE_RECURSION = YES;
				CLANG_WARN_INT_CONVERSION = YES;
				CLANG_WARN_NON_LITERAL_NULL_CONVERSION = YES;
				CLANG_WARN_OBJC_IMPLICIT_RETAIN_SELF = YES;
				CLANG_WARN_OBJC_LITERAL_CONVERSION = YES;
				CLANG_WARN_OBJC_ROOT_CLASS = YES_ERROR;
				CLANG_WARN_QUOTED_INCLUDE_IN_FRAMEWORK_HEADER = YES;
				CLANG_WARN_RANGE_LOOP_ANALYSIS = YES;
				CLANG_WARN_STRICT_PROTOTYPES = YES;
				CLANG_WARN_SUSPICIOUS_MOVE = YES;
				CLANG_WARN_UNGUARDED_AVAILABILITY = YES_AGGRESSIVE;
				CLANG_WARN_UNREACHABLE_CODE = YES;
				CLANG_WARN__DUPLICATE_METHOD_MATCH = YES;
				COPY_PHASE_STRIP = NO;
				CURRENT_PROJECT_VERSION = 1;
				DEAD_CODE_STRIPPING = YES;
				DEBUG_INFORMATION_FORMAT = dwarf;
				ENABLE_HARDENED_RUNTIME = YES;
				ENABLE_STRICT_OBJC_MSGSEND = YES;
				ENABLE_TESTABILITY = YES;
				ENABLE_USER_SCRIPT_SANDBOXING = YES;
				GCC_C_LANGUAGE_STANDARD = gnu17;
				GCC_DYNAMIC_NO_PIC = NO;
				GCC_NO_COMMON_BLOCKS = YES;
				GCC_OPTIMIZATION_LEVEL = 0;
				GCC_PREPROCESSOR_DEFINITIONS = (
					"$(inherited)",
					"DEBUG=1",
				);
				GCC_WARN_64_TO_32_BIT_CONVERSION = YES;
				GCC_WARN_ABOUT_RETURN_TYPE = YES_ERROR;
				GCC_WARN_UNDECLARED_SELECTOR = YES;
				GCC_WARN_UNINITIALIZED_AUTOS = YES_AGGRESSIVE;
				GCC_WARN_UNUSED_FUNCTION = YES;
				GCC_WARN_UNUSED_VARIABLE = YES;
				MACOSX_DEPLOYMENT_TARGET = 14.0;
				MARKETING_VERSION = 1.0.0;
				MTL_ENABLE_DEBUG_INFO = INCLUDE_SOURCE;
				MTL_FAST_MATH = YES;
				ONLY_ACTIVE_ARCH = YES;
				PRODUCT_NAME = "$(TARGET_NAME)";
				SDKROOT = macosx;
				SWIFT_ACTIVE_COMPILATION_CONDITIONS = DEBUG;
				SWIFT_OPTIMIZATION_LEVEL = "-Onone";
				SWIFT_STRICT_CONCURRENCY = complete;
				SWIFT_VERSION = 5.10;
			};
			name = Debug;
		};
		BE9DE71E0D244E744C50333F /* Debug */ = {
			isa = XCBuildConfiguration;
			buildSettings = {
				BUNDLE_LOADER = "$(TEST_HOST)";
				CODE_SIGN_IDENTITY = 78C7C6375957D553AD632832D0821B446F53D0F3;
				CODE_SIGN_STYLE = Manual;
				COMBINE_HIDPI_IMAGES = YES;
				DEVELOPMENT_TEAM = BCM26K6YNA;
				INFOPLIST_FILE = TagarelaTests/Info.plist;
				LD_RUNPATH_SEARCH_PATHS = (
					"$(inherited)",
					"@executable_path/../Frameworks",
					"@loader_path/../Frameworks",
				);
				PRODUCT_BUNDLE_IDENTIFIER = com.tagarela.TagarelaTests;
				PROVISIONING_PROFILE_SPECIFIER = "";
				SDKROOT = macosx;
				TEST_HOST = "$(BUILT_PRODUCTS_DIR)/Tagarela.app/Contents/MacOS/Tagarela";
			};
			name = Debug;
		};
		D0A0A1CE495C77AFBE1090B1 /* Debug */ = {
			isa = XCBuildConfiguration;
			buildSettings = {
				ASSETCATALOG_COMPILER_APPICON_NAME = AppIcon;
				CODE_SIGN_ENTITLEMENTS = Tagarela/Resources/Tagarela.entitlements;
				CODE_SIGN_IDENTITY = 78C7C6375957D553AD632832D0821B446F53D0F3;
				CODE_SIGN_STYLE = Manual;
				COMBINE_HIDPI_IMAGES = YES;
				DEVELOPMENT_TEAM = BCM26K6YNA;
				ENABLE_PREVIEWS = YES;
				INFOPLIST_FILE = Tagarela/Resources/Info.plist;
				LD_RUNPATH_SEARCH_PATHS = "$(inherited) @executable_path/../Frameworks";
				PRODUCT_BUNDLE_IDENTIFIER = com.tagarela.Tagarela;
				PROVISIONING_PROFILE_SPECIFIER = "";
				SDKROOT = macosx;
			};
			name = Debug;
		};
/* End XCBuildConfiguration section */

/* Begin XCConfigurationList section */
		3EA350756AC41A0A392CF2BC /* Build configuration list for PBXProject "Tagarela" */ = {
			isa = XCConfigurationList;
			buildConfigurations = (
				5B99150D5C402C578DC22430 /* Debug */,
				1E584B7406F5252E5A777F1C /* Release */,
			);
			defaultConfigurationIsVisible = 0;
			defaultConfigurationName = Debug;
		};
		7E799A4303B8B51AC2BF7CF2 /* Build configuration list for PBXNativeTarget "Tagarela" */ = {
			isa = XCConfigurationList;
			buildConfigurations = (
				D0A0A1CE495C77AFBE1090B1 /* Debug */,
				55C9DEB719C66765CC3779A2 /* Release */,
			);
			defaultConfigurationIsVisible = 0;
			defaultConfigurationName = Debug;
		};
		DA4BB78DF1A6BA2DA40A27ED /* Build configuration list for PBXNativeTarget "TagarelaTests" */ = {
			isa = XCConfigurationList;
			buildConfigurations = (
				BE9DE71E0D244E744C50333F /* Debug */,
				119899E53EABE37EE3B92225 /* Release */,
			);
			defaultConfigurationIsVisible = 0;
			defaultConfigurationName = Debug;
		};
/* End XCConfigurationList section */

/* Begin XCRemoteSwiftPackageReference section */
		9C120ED6D13C558C16BCAE12 /* XCRemoteSwiftPackageReference "WhisperKit" */ = {
			isa = XCRemoteSwiftPackageReference;
			repositoryURL = "https://github.com/argmaxinc/WhisperKit";
			requirement = {
				kind = upToNextMajorVersion;
				minimumVersion = 0.9.0;
			};
		};
/* End XCRemoteSwiftPackageReference section */

/* Begin XCSwiftPackageProductDependency section */
		8D6A99642A3EA77F647F3C1E /* WhisperKit */ = {
			isa = XCSwiftPackageProductDependency;
			package = 9C120ED6D13C558C16BCAE12 /* XCRemoteSwiftPackageReference "WhisperKit" */;
			productName = WhisperKit;
		};
/* End XCSwiftPackageProductDependency section */
	};
	rootObject = 121CAA2F3752A009A7BEB1F6 /* Project object */;
}
